// !$*UTF8*$!
{
	archiveVersion = 1;
	classes = {
	};
	objectVersion = 46;
	objects = {

/* Begin PBXBuildFile section */
		11B1671F1E71E9700057D697 /* Essentials.framework in Frameworks */ = {isa = PBXBuildFile; fileRef = 11B1671E1E71E9390057D697 /* Essentials.framework */; };
		11B167201E71E9700057D697 /* Essentials.framework in Embed Frameworks */ = {isa = PBXBuildFile; fileRef = 11B1671E1E71E9390057D697 /* Essentials.framework */; settings = {ATTRIBUTES = (CodeSignOnCopy, RemoveHeadersOnCopy, ); }; };
		11B167271E7206380057D697 /* FavoritesCell.swift in Sources */ = {isa = PBXBuildFile; fileRef = 11B167261E7206380057D697 /* FavoritesCell.swift */; };
		11CEADA91E799B3B00E2242C /* InspectionFormController.swift in Sources */ = {isa = PBXBuildFile; fileRef = 11CEADA81E799B3B00E2242C /* InspectionFormController.swift */; };
		11CEADAC1E799B5200E2242C /* InspectionFormController.storyboard in Resources */ = {isa = PBXBuildFile; fileRef = 11CEADAB1E799B5200E2242C /* InspectionFormController.storyboard */; };
		11CEADD21E79BF1900E2242C /* PlusShape.swift in Sources */ = {isa = PBXBuildFile; fileRef = 11CEADD01E79BF1900E2242C /* PlusShape.swift */; };
		11CEADD31E79BF1900E2242C /* ArrowRightShape.swift in Sources */ = {isa = PBXBuildFile; fileRef = 11CEADD11E79BF1900E2242C /* ArrowRightShape.swift */; };
		11CEADDA1E79C4A700E2242C /* UploadPhotoController.storyboard in Resources */ = {isa = PBXBuildFile; fileRef = 11CEADD91E79C4A700E2242C /* UploadPhotoController.storyboard */; };
		11CEADDC1E79C4B600E2242C /* UploadPhotoController.swift in Sources */ = {isa = PBXBuildFile; fileRef = 11CEADDB1E79C4B600E2242C /* UploadPhotoController.swift */; };
		11CEADE41E79C64F00E2242C /* TextViewWithPlaceholder.swift in Sources */ = {isa = PBXBuildFile; fileRef = 11CEADE11E79C64F00E2242C /* TextViewWithPlaceholder.swift */; };
		11CEADE51E79C64F00E2242C /* TextViewWithPlaceholder.xib in Resources */ = {isa = PBXBuildFile; fileRef = 11CEADE21E79C64F00E2242C /* TextViewWithPlaceholder.xib */; };
		11CEADE61E79C64F00E2242C /* TextViewWithPlaceholderDelegate.swift in Sources */ = {isa = PBXBuildFile; fileRef = 11CEADE31E79C64F00E2242C /* TextViewWithPlaceholderDelegate.swift */; };
		11CEADE81E79DCE200E2242C /* Date.swift in Sources */ = {isa = PBXBuildFile; fileRef = 11CEADE71E79DCE200E2242C /* Date.swift */; };
		11CEADEA1E79E6E800E2242C /* MapPreviewController.swift in Sources */ = {isa = PBXBuildFile; fileRef = 11CEADE91E79E6E800E2242C /* MapPreviewController.swift */; };
		11CEADED1E79E71000E2242C /* MapPreviewController.storyboard in Resources */ = {isa = PBXBuildFile; fileRef = 11CEADEC1E79E71000E2242C /* MapPreviewController.storyboard */; };
		11CEADF21E79E7EB00E2242C /* DismissButton.swift in Sources */ = {isa = PBXBuildFile; fileRef = 11CEADF11E79E7EB00E2242C /* DismissButton.swift */; };
		11DBE9141E774DD900C9575C /* DocumentPreviewController.swift in Sources */ = {isa = PBXBuildFile; fileRef = 11DBE9131E774DD900C9575C /* DocumentPreviewController.swift */; };
		11DBE9171E775CA200C9575C /* ProjectsCell.swift in Sources */ = {isa = PBXBuildFile; fileRef = 11DBE9161E775CA200C9575C /* ProjectsCell.swift */; };
		9688D51C1E69DA4300C49CD7 /* AppDelegate.swift in Sources */ = {isa = PBXBuildFile; fileRef = 9688D51B1E69DA4300C49CD7 /* AppDelegate.swift */; };
		9688D5211E69DA4300C49CD7 /* TabBarController.storyboard in Resources */ = {isa = PBXBuildFile; fileRef = 9688D51F1E69DA4300C49CD7 /* TabBarController.storyboard */; };
		9688D5231E69DA4300C49CD7 /* Assets.xcassets in Resources */ = {isa = PBXBuildFile; fileRef = 9688D5221E69DA4300C49CD7 /* Assets.xcassets */; };
		9688D5261E69DA4300C49CD7 /* LaunchScreen.storyboard in Resources */ = {isa = PBXBuildFile; fileRef = 9688D5241E69DA4300C49CD7 /* LaunchScreen.storyboard */; };
		9688D5311E69DA4300C49CD7 /* EAOTests.swift in Sources */ = {isa = PBXBuildFile; fileRef = 9688D5301E69DA4300C49CD7 /* EAOTests.swift */; };
		9688D5441E69DA7B00C49CD7 /* CommonMethods.swift in Sources */ = {isa = PBXBuildFile; fileRef = 9688D53B1E69DA7B00C49CD7 /* CommonMethods.swift */; };
		9688D5451E69DA7B00C49CD7 /* CommonTableView.swift in Sources */ = {isa = PBXBuildFile; fileRef = 9688D53C1E69DA7B00C49CD7 /* CommonTableView.swift */; };
		9688D5461E69DA7B00C49CD7 /* CommonTableViewCell.swift in Sources */ = {isa = PBXBuildFile; fileRef = 9688D53D1E69DA7B00C49CD7 /* CommonTableViewCell.swift */; };
		9688D5471E69DA7B00C49CD7 /* CommonViewController.swift in Sources */ = {isa = PBXBuildFile; fileRef = 9688D53E1E69DA7B00C49CD7 /* CommonViewController.swift */; };
		9688D5481E69DA7B00C49CD7 /* Constant.swift in Sources */ = {isa = PBXBuildFile; fileRef = 9688D53F1E69DA7B00C49CD7 /* Constant.swift */; };
		9688D5491E69DA7B00C49CD7 /* UIAlertController.swift in Sources */ = {isa = PBXBuildFile; fileRef = 9688D5401E69DA7B00C49CD7 /* UIAlertController.swift */; };
		9688D54A1E69DA7B00C49CD7 /* UIImage.swift in Sources */ = {isa = PBXBuildFile; fileRef = 9688D5411E69DA7B00C49CD7 /* UIImage.swift */; };
		9688D54B1E69DA7B00C49CD7 /* UINavigationItem.swift in Sources */ = {isa = PBXBuildFile; fileRef = 9688D5421E69DA7B00C49CD7 /* UINavigationItem.swift */; };
		9688D54C1E69DA7B00C49CD7 /* UITableView.swift in Sources */ = {isa = PBXBuildFile; fileRef = 9688D5431E69DA7B00C49CD7 /* UITableView.swift */; };
		9688D54F1E69DA8F00C49CD7 /* UIApplication.swift in Sources */ = {isa = PBXBuildFile; fileRef = 9688D54E1E69DA8F00C49CD7 /* UIApplication.swift */; };
		9688D56A1E69EAAF00C49CD7 /* TabBarController.swift in Sources */ = {isa = PBXBuildFile; fileRef = 9688D5691E69EAAF00C49CD7 /* TabBarController.swift */; };
		9688D56C1E69EADC00C49CD7 /* LoginController.storyboard in Resources */ = {isa = PBXBuildFile; fileRef = 9688D56B1E69EADC00C49CD7 /* LoginController.storyboard */; };
		9688D56E1E69EAEA00C49CD7 /* SettingsController.storyboard in Resources */ = {isa = PBXBuildFile; fileRef = 9688D56D1E69EAEA00C49CD7 /* SettingsController.storyboard */; };
		9688D5701E69EAF100C49CD7 /* FavoritesController.storyboard in Resources */ = {isa = PBXBuildFile; fileRef = 9688D56F1E69EAF100C49CD7 /* FavoritesController.storyboard */; };
		9688D5721E69EB5500C49CD7 /* MapController.storyboard in Resources */ = {isa = PBXBuildFile; fileRef = 9688D5711E69EB5400C49CD7 /* MapController.storyboard */; };
		9688D5741E69EB7100C49CD7 /* InspectionsController.storyboard in Resources */ = {isa = PBXBuildFile; fileRef = 9688D5731E69EB7100C49CD7 /* InspectionsController.storyboard */; };
		9688D5761E69EB7700C49CD7 /* ProjectsController.storyboard in Resources */ = {isa = PBXBuildFile; fileRef = 9688D5751E69EB7700C49CD7 /* ProjectsController.storyboard */; };
		9688D57E1E69ED5900C49CD7 /* LoginController.swift in Sources */ = {isa = PBXBuildFile; fileRef = 9688D57D1E69ED5900C49CD7 /* LoginController.swift */; };
		9688D5801E69ED6900C49CD7 /* SettingsController.swift in Sources */ = {isa = PBXBuildFile; fileRef = 9688D57F1E69ED6900C49CD7 /* SettingsController.swift */; };
		9688D5821E69ED7600C49CD7 /* FavoritesController.swift in Sources */ = {isa = PBXBuildFile; fileRef = 9688D5811E69ED7600C49CD7 /* FavoritesController.swift */; };
		9688D5841E69ED8400C49CD7 /* ProjectsController.swift in Sources */ = {isa = PBXBuildFile; fileRef = 9688D5831E69ED8400C49CD7 /* ProjectsController.swift */; };
		9688D5861E69ED9200C49CD7 /* InspectionsController.swift in Sources */ = {isa = PBXBuildFile; fileRef = 9688D5851E69ED9200C49CD7 /* InspectionsController.swift */; };
		9688D5881E69EDA300C49CD7 /* MapController.swift in Sources */ = {isa = PBXBuildFile; fileRef = 9688D5871E69EDA300C49CD7 /* MapController.swift */; };
		9688D58B1E69F10400C49CD7 /* UIColor.swift in Sources */ = {isa = PBXBuildFile; fileRef = 9688D58A1E69F10400C49CD7 /* UIColor.swift */; };
		BD1959251E708B15002BC8FC /* UIImageView.swift in Sources */ = {isa = PBXBuildFile; fileRef = BD1959241E708B15002BC8FC /* UIImageView.swift */; };
		BD3B058C1E6A3737005E2C19 /* MapKit.framework in Frameworks */ = {isa = PBXBuildFile; fileRef = BD3B058B1E6A3737005E2C19 /* MapKit.framework */; };
		BD3B05901E6A3797005E2C19 /* InspectionsCell.swift in Sources */ = {isa = PBXBuildFile; fileRef = BD3B058E1E6A3797005E2C19 /* InspectionsCell.swift */; };
		BD3B05911E6A3797005E2C19 /* InspectionsCell.xib in Resources */ = {isa = PBXBuildFile; fileRef = BD3B058F1E6A3797005E2C19 /* InspectionsCell.xib */; };
		BD3B05951E6A3B6E005E2C19 /* MKMapView.swift in Sources */ = {isa = PBXBuildFile; fileRef = BD3B05941E6A3B6E005E2C19 /* MKMapView.swift */; };
/* End PBXBuildFile section */

/* Begin PBXContainerItemProxy section */
		11B1671D1E71E9390057D697 /* PBXContainerItemProxy */ = {
			isa = PBXContainerItemProxy;
			containerPortal = 11B167191E71E9380057D697 /* Essentials.xcodeproj */;
			proxyType = 2;
			remoteGlobalIDString = 110B7FA41E56375300650A9D;
			remoteInfo = Essentials;
		};
		11B167211E71E9700057D697 /* PBXContainerItemProxy */ = {
			isa = PBXContainerItemProxy;
			containerPortal = 11B167191E71E9380057D697 /* Essentials.xcodeproj */;
			proxyType = 1;
			remoteGlobalIDString = 110B7FA31E56375300650A9D;
			remoteInfo = Essentials;
		};
		9688D52D1E69DA4300C49CD7 /* PBXContainerItemProxy */ = {
			isa = PBXContainerItemProxy;
			containerPortal = 9688D5101E69DA4300C49CD7 /* Project object */;
			proxyType = 1;
			remoteGlobalIDString = 9688D5171E69DA4300C49CD7;
			remoteInfo = EAO;
		};
/* End PBXContainerItemProxy section */

/* Begin PBXCopyFilesBuildPhase section */
		11B167231E71E9700057D697 /* Embed Frameworks */ = {
			isa = PBXCopyFilesBuildPhase;
			buildActionMask = 2147483647;
			dstPath = "";
			dstSubfolderSpec = 10;
			files = (
				11B167201E71E9700057D697 /* Essentials.framework in Embed Frameworks */,
			);
			name = "Embed Frameworks";
			runOnlyForDeploymentPostprocessing = 0;
		};
/* End PBXCopyFilesBuildPhase section */

/* Begin PBXFileReference section */
		11B167191E71E9380057D697 /* Essentials.xcodeproj */ = {isa = PBXFileReference; lastKnownFileType = "wrapper.pb-project"; name = Essentials.xcodeproj; path = Essentials/Essentials.xcodeproj; sourceTree = "<group>"; };
		11B167261E7206380057D697 /* FavoritesCell.swift */ = {isa = PBXFileReference; fileEncoding = 4; lastKnownFileType = sourcecode.swift; path = FavoritesCell.swift; sourceTree = "<group>"; };
		11B167291E72069F0057D697 /* EAO-Bridging-Header.h */ = {isa = PBXFileReference; lastKnownFileType = sourcecode.c.h; path = "EAO-Bridging-Header.h"; sourceTree = "<group>"; };
		11CEADA81E799B3B00E2242C /* InspectionFormController.swift */ = {isa = PBXFileReference; fileEncoding = 4; lastKnownFileType = sourcecode.swift; path = InspectionFormController.swift; sourceTree = "<group>"; };
		11CEADAB1E799B5200E2242C /* InspectionFormController.storyboard */ = {isa = PBXFileReference; fileEncoding = 4; lastKnownFileType = file.storyboard; path = InspectionFormController.storyboard; sourceTree = "<group>"; };
		11CEADD01E79BF1900E2242C /* PlusShape.swift */ = {isa = PBXFileReference; fileEncoding = 4; lastKnownFileType = sourcecode.swift; path = PlusShape.swift; sourceTree = "<group>"; };
		11CEADD11E79BF1900E2242C /* ArrowRightShape.swift */ = {isa = PBXFileReference; fileEncoding = 4; lastKnownFileType = sourcecode.swift; path = ArrowRightShape.swift; sourceTree = "<group>"; };
		11CEADD91E79C4A700E2242C /* UploadPhotoController.storyboard */ = {isa = PBXFileReference; fileEncoding = 4; lastKnownFileType = file.storyboard; path = UploadPhotoController.storyboard; sourceTree = "<group>"; };
		11CEADDB1E79C4B600E2242C /* UploadPhotoController.swift */ = {isa = PBXFileReference; fileEncoding = 4; lastKnownFileType = sourcecode.swift; path = UploadPhotoController.swift; sourceTree = "<group>"; };
		11CEADE11E79C64F00E2242C /* TextViewWithPlaceholder.swift */ = {isa = PBXFileReference; fileEncoding = 4; lastKnownFileType = sourcecode.swift; path = TextViewWithPlaceholder.swift; sourceTree = "<group>"; };
		11CEADE21E79C64F00E2242C /* TextViewWithPlaceholder.xib */ = {isa = PBXFileReference; fileEncoding = 4; lastKnownFileType = file.xib; path = TextViewWithPlaceholder.xib; sourceTree = "<group>"; };
		11CEADE31E79C64F00E2242C /* TextViewWithPlaceholderDelegate.swift */ = {isa = PBXFileReference; fileEncoding = 4; lastKnownFileType = sourcecode.swift; path = TextViewWithPlaceholderDelegate.swift; sourceTree = "<group>"; };
		11CEADE71E79DCE200E2242C /* Date.swift */ = {isa = PBXFileReference; fileEncoding = 4; lastKnownFileType = sourcecode.swift; path = Date.swift; sourceTree = "<group>"; };
		11CEADE91E79E6E800E2242C /* MapPreviewController.swift */ = {isa = PBXFileReference; fileEncoding = 4; lastKnownFileType = sourcecode.swift; path = MapPreviewController.swift; sourceTree = "<group>"; };
		11CEADEC1E79E71000E2242C /* MapPreviewController.storyboard */ = {isa = PBXFileReference; fileEncoding = 4; lastKnownFileType = file.storyboard; path = MapPreviewController.storyboard; sourceTree = "<group>"; };
		11CEADF11E79E7EB00E2242C /* DismissButton.swift */ = {isa = PBXFileReference; fileEncoding = 4; lastKnownFileType = sourcecode.swift; path = DismissButton.swift; sourceTree = "<group>"; };
		11DBE9131E774DD900C9575C /* DocumentPreviewController.swift */ = {isa = PBXFileReference; fileEncoding = 4; lastKnownFileType = sourcecode.swift; path = DocumentPreviewController.swift; sourceTree = "<group>"; };
		11DBE9161E775CA200C9575C /* ProjectsCell.swift */ = {isa = PBXFileReference; fileEncoding = 4; lastKnownFileType = sourcecode.swift; path = ProjectsCell.swift; sourceTree = "<group>"; };
		9688D5181E69DA4300C49CD7 /* EAO.app */ = {isa = PBXFileReference; explicitFileType = wrapper.application; includeInIndex = 0; path = EAO.app; sourceTree = BUILT_PRODUCTS_DIR; };
		9688D51B1E69DA4300C49CD7 /* AppDelegate.swift */ = {isa = PBXFileReference; lastKnownFileType = sourcecode.swift; path = AppDelegate.swift; sourceTree = "<group>"; };
		9688D5201E69DA4300C49CD7 /* Base */ = {isa = PBXFileReference; lastKnownFileType = file.storyboard; name = Base; path = Base.lproj/TabBarController.storyboard; sourceTree = "<group>"; };
		9688D5221E69DA4300C49CD7 /* Assets.xcassets */ = {isa = PBXFileReference; lastKnownFileType = folder.assetcatalog; path = Assets.xcassets; sourceTree = "<group>"; };
		9688D5251E69DA4300C49CD7 /* Base */ = {isa = PBXFileReference; lastKnownFileType = file.storyboard; name = Base; path = Base.lproj/LaunchScreen.storyboard; sourceTree = "<group>"; };
		9688D5271E69DA4300C49CD7 /* Info.plist */ = {isa = PBXFileReference; lastKnownFileType = text.plist.xml; path = Info.plist; sourceTree = "<group>"; };
		9688D52C1E69DA4300C49CD7 /* EAOTests.xctest */ = {isa = PBXFileReference; explicitFileType = wrapper.cfbundle; includeInIndex = 0; path = EAOTests.xctest; sourceTree = BUILT_PRODUCTS_DIR; };
		9688D5301E69DA4300C49CD7 /* EAOTests.swift */ = {isa = PBXFileReference; lastKnownFileType = sourcecode.swift; path = EAOTests.swift; sourceTree = "<group>"; };
		9688D5321E69DA4300C49CD7 /* Info.plist */ = {isa = PBXFileReference; lastKnownFileType = text.plist.xml; path = Info.plist; sourceTree = "<group>"; };
		9688D53B1E69DA7B00C49CD7 /* CommonMethods.swift */ = {isa = PBXFileReference; fileEncoding = 4; lastKnownFileType = sourcecode.swift; path = CommonMethods.swift; sourceTree = "<group>"; };
		9688D53C1E69DA7B00C49CD7 /* CommonTableView.swift */ = {isa = PBXFileReference; fileEncoding = 4; lastKnownFileType = sourcecode.swift; path = CommonTableView.swift; sourceTree = "<group>"; };
		9688D53D1E69DA7B00C49CD7 /* CommonTableViewCell.swift */ = {isa = PBXFileReference; fileEncoding = 4; lastKnownFileType = sourcecode.swift; path = CommonTableViewCell.swift; sourceTree = "<group>"; };
		9688D53E1E69DA7B00C49CD7 /* CommonViewController.swift */ = {isa = PBXFileReference; fileEncoding = 4; lastKnownFileType = sourcecode.swift; path = CommonViewController.swift; sourceTree = "<group>"; };
		9688D53F1E69DA7B00C49CD7 /* Constant.swift */ = {isa = PBXFileReference; fileEncoding = 4; lastKnownFileType = sourcecode.swift; path = Constant.swift; sourceTree = "<group>"; };
		9688D5401E69DA7B00C49CD7 /* UIAlertController.swift */ = {isa = PBXFileReference; fileEncoding = 4; lastKnownFileType = sourcecode.swift; path = UIAlertController.swift; sourceTree = "<group>"; };
		9688D5411E69DA7B00C49CD7 /* UIImage.swift */ = {isa = PBXFileReference; fileEncoding = 4; lastKnownFileType = sourcecode.swift; path = UIImage.swift; sourceTree = "<group>"; };
		9688D5421E69DA7B00C49CD7 /* UINavigationItem.swift */ = {isa = PBXFileReference; fileEncoding = 4; lastKnownFileType = sourcecode.swift; path = UINavigationItem.swift; sourceTree = "<group>"; };
		9688D5431E69DA7B00C49CD7 /* UITableView.swift */ = {isa = PBXFileReference; fileEncoding = 4; lastKnownFileType = sourcecode.swift; path = UITableView.swift; sourceTree = "<group>"; };
		9688D54E1E69DA8F00C49CD7 /* UIApplication.swift */ = {isa = PBXFileReference; fileEncoding = 4; lastKnownFileType = sourcecode.swift; path = UIApplication.swift; sourceTree = "<group>"; };
		9688D5691E69EAAF00C49CD7 /* TabBarController.swift */ = {isa = PBXFileReference; fileEncoding = 4; lastKnownFileType = sourcecode.swift; path = TabBarController.swift; sourceTree = "<group>"; };
		9688D56B1E69EADC00C49CD7 /* LoginController.storyboard */ = {isa = PBXFileReference; fileEncoding = 4; lastKnownFileType = file.storyboard; path = LoginController.storyboard; sourceTree = "<group>"; };
		9688D56D1E69EAEA00C49CD7 /* SettingsController.storyboard */ = {isa = PBXFileReference; fileEncoding = 4; lastKnownFileType = file.storyboard; path = SettingsController.storyboard; sourceTree = "<group>"; };
		9688D56F1E69EAF100C49CD7 /* FavoritesController.storyboard */ = {isa = PBXFileReference; fileEncoding = 4; lastKnownFileType = file.storyboard; path = FavoritesController.storyboard; sourceTree = "<group>"; };
		9688D5711E69EB5400C49CD7 /* MapController.storyboard */ = {isa = PBXFileReference; fileEncoding = 4; lastKnownFileType = file.storyboard; path = MapController.storyboard; sourceTree = "<group>"; };
		9688D5731E69EB7100C49CD7 /* InspectionsController.storyboard */ = {isa = PBXFileReference; fileEncoding = 4; lastKnownFileType = file.storyboard; path = InspectionsController.storyboard; sourceTree = "<group>"; };
		9688D5751E69EB7700C49CD7 /* ProjectsController.storyboard */ = {isa = PBXFileReference; fileEncoding = 4; lastKnownFileType = file.storyboard; path = ProjectsController.storyboard; sourceTree = "<group>"; };
		9688D57D1E69ED5900C49CD7 /* LoginController.swift */ = {isa = PBXFileReference; fileEncoding = 4; lastKnownFileType = sourcecode.swift; path = LoginController.swift; sourceTree = "<group>"; };
		9688D57F1E69ED6900C49CD7 /* SettingsController.swift */ = {isa = PBXFileReference; fileEncoding = 4; lastKnownFileType = sourcecode.swift; path = SettingsController.swift; sourceTree = "<group>"; };
		9688D5811E69ED7600C49CD7 /* FavoritesController.swift */ = {isa = PBXFileReference; fileEncoding = 4; lastKnownFileType = sourcecode.swift; path = FavoritesController.swift; sourceTree = "<group>"; };
		9688D5831E69ED8400C49CD7 /* ProjectsController.swift */ = {isa = PBXFileReference; fileEncoding = 4; lastKnownFileType = sourcecode.swift; path = ProjectsController.swift; sourceTree = "<group>"; };
		9688D5851E69ED9200C49CD7 /* InspectionsController.swift */ = {isa = PBXFileReference; fileEncoding = 4; lastKnownFileType = sourcecode.swift; path = InspectionsController.swift; sourceTree = "<group>"; };
		9688D5871E69EDA300C49CD7 /* MapController.swift */ = {isa = PBXFileReference; fileEncoding = 4; lastKnownFileType = sourcecode.swift; path = MapController.swift; sourceTree = "<group>"; };
		9688D58A1E69F10400C49CD7 /* UIColor.swift */ = {isa = PBXFileReference; fileEncoding = 4; lastKnownFileType = sourcecode.swift; path = UIColor.swift; sourceTree = "<group>"; };
		BD1959241E708B15002BC8FC /* UIImageView.swift */ = {isa = PBXFileReference; fileEncoding = 4; lastKnownFileType = sourcecode.swift; path = UIImageView.swift; sourceTree = "<group>"; };
		BD3B058B1E6A3737005E2C19 /* MapKit.framework */ = {isa = PBXFileReference; lastKnownFileType = wrapper.framework; name = MapKit.framework; path = System/Library/Frameworks/MapKit.framework; sourceTree = SDKROOT; };
		BD3B058E1E6A3797005E2C19 /* InspectionsCell.swift */ = {isa = PBXFileReference; fileEncoding = 4; lastKnownFileType = sourcecode.swift; path = InspectionsCell.swift; sourceTree = "<group>"; };
		BD3B058F1E6A3797005E2C19 /* InspectionsCell.xib */ = {isa = PBXFileReference; fileEncoding = 4; lastKnownFileType = file.xib; path = InspectionsCell.xib; sourceTree = "<group>"; };
		BD3B05941E6A3B6E005E2C19 /* MKMapView.swift */ = {isa = PBXFileReference; fileEncoding = 4; lastKnownFileType = sourcecode.swift; path = MKMapView.swift; sourceTree = "<group>"; };
/* End PBXFileReference section */

/* Begin PBXFrameworksBuildPhase section */
		9688D5151E69DA4300C49CD7 /* Frameworks */ = {
			isa = PBXFrameworksBuildPhase;
			buildActionMask = 2147483647;
			files = (
				BD3B058C1E6A3737005E2C19 /* MapKit.framework in Frameworks */,
				11B1671F1E71E9700057D697 /* Essentials.framework in Frameworks */,
			);
			runOnlyForDeploymentPostprocessing = 0;
		};
		9688D5291E69DA4300C49CD7 /* Frameworks */ = {
			isa = PBXFrameworksBuildPhase;
			buildActionMask = 2147483647;
			files = (
			);
			runOnlyForDeploymentPostprocessing = 0;
		};
/* End PBXFrameworksBuildPhase section */

/* Begin PBXGroup section */
		11B1671A1E71E9380057D697 /* Products */ = {
			isa = PBXGroup;
			children = (
				11B1671E1E71E9390057D697 /* Essentials.framework */,
			);
			name = Products;
			sourceTree = "<group>";
		};
		11B167281E72063C0057D697 /* Cell */ = {
			isa = PBXGroup;
			children = (
				11B167261E7206380057D697 /* FavoritesCell.swift */,
			);
			name = Cell;
			sourceTree = "<group>";
		};
		11CEADAA1E799B4000E2242C /* InspectionForm */ = {
			isa = PBXGroup;
			children = (
				11CEADAB1E799B5200E2242C /* InspectionFormController.storyboard */,
				11CEADA81E799B3B00E2242C /* InspectionFormController.swift */,
			);
			name = InspectionForm;
			sourceTree = "<group>";
		};
		11CEADCF1E79BF0D00E2242C /* Shapes */ = {
			isa = PBXGroup;
			children = (
				11CEADF11E79E7EB00E2242C /* DismissButton.swift */,
				11CEADD01E79BF1900E2242C /* PlusShape.swift */,
				11CEADD11E79BF1900E2242C /* ArrowRightShape.swift */,
			);
			name = Shapes;
			sourceTree = "<group>";
		};
		11CEADDD1E79C4BA00E2242C /* UploadPhoto */ = {
			isa = PBXGroup;
			children = (
				11CEADD91E79C4A700E2242C /* UploadPhotoController.storyboard */,
				11CEADDB1E79C4B600E2242C /* UploadPhotoController.swift */,
			);
			name = UploadPhoto;
			sourceTree = "<group>";
		};
		11CEADDE1E79C5F900E2242C /* Frameworks */ = {
			isa = PBXGroup;
			children = (
				11CEADE01E79C62A00E2242C /* TextViewWithPlaceholder */,
			);
			name = Frameworks;
			path = ..;
			sourceTree = "<group>";
		};
		11CEADE01E79C62A00E2242C /* TextViewWithPlaceholder */ = {
			isa = PBXGroup;
			children = (
				11CEADE11E79C64F00E2242C /* TextViewWithPlaceholder.swift */,
				11CEADE21E79C64F00E2242C /* TextViewWithPlaceholder.xib */,
				11CEADE31E79C64F00E2242C /* TextViewWithPlaceholderDelegate.swift */,
			);
			name = TextViewWithPlaceholder;
			sourceTree = "<group>";
		};
		11CEADEB1E79E6F000E2242C /* MapPreview */ = {
			isa = PBXGroup;
			children = (
				11CEADEC1E79E71000E2242C /* MapPreviewController.storyboard */,
				11CEADE91E79E6E800E2242C /* MapPreviewController.swift */,
			);
			name = MapPreview;
			sourceTree = "<group>";
		};
		11DBE9151E774DE800C9575C /* DocumentPreview */ = {
			isa = PBXGroup;
			children = (
				11DBE9131E774DD900C9575C /* DocumentPreviewController.swift */,
			);
			name = DocumentPreview;
			sourceTree = "<group>";
		};
		11DBE9181E775CC800C9575C /* Cell */ = {
			isa = PBXGroup;
			children = (
				11DBE9161E775CA200C9575C /* ProjectsCell.swift */,
			);
			name = Cell;
			sourceTree = "<group>";
		};
		9688D50F1E69DA4300C49CD7 = {
			isa = PBXGroup;
			children = (
				11B167191E71E9380057D697 /* Essentials.xcodeproj */,
				9688D51A1E69DA4300C49CD7 /* EAO */,
				9688D52F1E69DA4300C49CD7 /* EAOTests */,
				9688D5191E69DA4300C49CD7 /* Products */,
				BD3B058A1E6A3736005E2C19 /* Frameworks */,
			);
			sourceTree = "<group>";
		};
		9688D5191E69DA4300C49CD7 /* Products */ = {
			isa = PBXGroup;
			children = (
				9688D5181E69DA4300C49CD7 /* EAO.app */,
				9688D52C1E69DA4300C49CD7 /* EAOTests.xctest */,
			);
			name = Products;
			sourceTree = "<group>";
		};
		9688D51A1E69DA4300C49CD7 /* EAO */ = {
			isa = PBXGroup;
			children = (
				9688D5581E69DB2500C49CD7 /* AppDelegate */,
				9688D55C1E69DDB300C49CD7 /* Modules */,
				9688D5501E69DAD800C49CD7 /* Source */,
				9688D5591E69DD8A00C49CD7 /* Resources */,
				11CEADDE1E79C5F900E2242C /* Frameworks */,
			);
			path = EAO;
			sourceTree = "<group>";
		};
		9688D52F1E69DA4300C49CD7 /* EAOTests */ = {
			isa = PBXGroup;
			children = (
				9688D5301E69DA4300C49CD7 /* EAOTests.swift */,
				9688D5321E69DA4300C49CD7 /* Info.plist */,
			);
			path = EAOTests;
			sourceTree = "<group>";
		};
		9688D5501E69DAD800C49CD7 /* Source */ = {
			isa = PBXGroup;
			children = (
				11CEADCF1E79BF0D00E2242C /* Shapes */,
				9688D5571E69DB1F00C49CD7 /* Constant */,
				9688D5511E69DAE300C49CD7 /* Common */,
				9688D5521E69DAEE00C49CD7 /* Extensions */,
			);
			name = Source;
			sourceTree = "<group>";
		};
		9688D5511E69DAE300C49CD7 /* Common */ = {
			isa = PBXGroup;
			children = (
				9688D5531E69DAFB00C49CD7 /* CommonMethods */,
				9688D5541E69DB0500C49CD7 /* CommonTableView */,
				9688D5551E69DB0E00C49CD7 /* CommonTableViewCell */,
				9688D5561E69DB1400C49CD7 /* CommonViewController */,
			);
			name = Common;
			sourceTree = "<group>";
		};
		9688D5521E69DAEE00C49CD7 /* Extensions */ = {
			isa = PBXGroup;
			children = (
				11CEADE71E79DCE200E2242C /* Date.swift */,
				BD1959231E708AE7002BC8FC /* UIImageView */,
				BD3B05931E6A3B30005E2C19 /* MKMapView */,
				9688D5911E69F1CB00C49CD7 /* UIAlertController */,
				9688D5901E69F1C600C49CD7 /* UIImage */,
				9688D58F1E69F1BA00C49CD7 /* UINavigationItem */,
				9688D58E1E69F1B300C49CD7 /* UITableView */,
				9688D58D1E69F1AD00C49CD7 /* UIApplication */,
				9688D58C1E69F1A600C49CD7 /* UIColor */,
			);
			name = Extensions;
			sourceTree = "<group>";
		};
		9688D5531E69DAFB00C49CD7 /* CommonMethods */ = {
			isa = PBXGroup;
			children = (
				9688D53B1E69DA7B00C49CD7 /* CommonMethods.swift */,
			);
			name = CommonMethods;
			sourceTree = "<group>";
		};
		9688D5541E69DB0500C49CD7 /* CommonTableView */ = {
			isa = PBXGroup;
			children = (
				9688D53C1E69DA7B00C49CD7 /* CommonTableView.swift */,
			);
			name = CommonTableView;
			sourceTree = "<group>";
		};
		9688D5551E69DB0E00C49CD7 /* CommonTableViewCell */ = {
			isa = PBXGroup;
			children = (
				9688D53D1E69DA7B00C49CD7 /* CommonTableViewCell.swift */,
			);
			name = CommonTableViewCell;
			sourceTree = "<group>";
		};
		9688D5561E69DB1400C49CD7 /* CommonViewController */ = {
			isa = PBXGroup;
			children = (
				9688D53E1E69DA7B00C49CD7 /* CommonViewController.swift */,
			);
			name = CommonViewController;
			sourceTree = "<group>";
		};
		9688D5571E69DB1F00C49CD7 /* Constant */ = {
			isa = PBXGroup;
			children = (
				9688D53F1E69DA7B00C49CD7 /* Constant.swift */,
			);
			name = Constant;
			sourceTree = "<group>";
		};
		9688D5581E69DB2500C49CD7 /* AppDelegate */ = {
			isa = PBXGroup;
			children = (
				9688D51B1E69DA4300C49CD7 /* AppDelegate.swift */,
			);
			name = AppDelegate;
			sourceTree = "<group>";
		};
		9688D5591E69DD8A00C49CD7 /* Resources */ = {
			isa = PBXGroup;
			children = (
				9688D5221E69DA4300C49CD7 /* Assets.xcassets */,
				9688D5241E69DA4300C49CD7 /* LaunchScreen.storyboard */,
				9688D5271E69DA4300C49CD7 /* Info.plist */,
				11B167291E72069F0057D697 /* EAO-Bridging-Header.h */,
			);
			name = Resources;
			sourceTree = "<group>";
		};
		9688D55C1E69DDB300C49CD7 /* Modules */ = {
			isa = PBXGroup;
			children = (
				9688D55D1E69E3B500C49CD7 /* Login */,
				9688D5631E69EA2A00C49CD7 /* TabBar */,
				11DBE9151E774DE800C9575C /* DocumentPreview */,
				11CEADAA1E799B4000E2242C /* InspectionForm */,
				11CEADDD1E79C4BA00E2242C /* UploadPhoto */,
				11CEADEB1E79E6F000E2242C /* MapPreview */,
			);
			name = Modules;
			sourceTree = "<group>";
		};
		9688D55D1E69E3B500C49CD7 /* Login */ = {
			isa = PBXGroup;
			children = (
				9688D57C1E69ED4500C49CD7 /* LoginController */,
			);
			name = Login;
			sourceTree = "<group>";
		};
		9688D55E1E69E67600C49CD7 /* Map */ = {
			isa = PBXGroup;
			children = (
				9688D5771E69ED1900C49CD7 /* Controller */,
			);
			name = Map;
			sourceTree = "<group>";
		};
		9688D55F1E69E69C00C49CD7 /* Inspections */ = {
			isa = PBXGroup;
			children = (
				9688D5781E69ED2000C49CD7 /* InspectionsController */,
			);
			name = Inspections;
			sourceTree = "<group>";
		};
		9688D5601E69E6A500C49CD7 /* Projects */ = {
			isa = PBXGroup;
			children = (
				9688D5791E69ED2A00C49CD7 /* Controller */,
			);
			name = Projects;
			sourceTree = "<group>";
		};
		9688D5611E69E6AB00C49CD7 /* Favourites */ = {
			isa = PBXGroup;
			children = (
				9688D57A1E69ED3900C49CD7 /* Controller */,
			);
			name = Favourites;
			sourceTree = "<group>";
		};
		9688D5621E69E6C000C49CD7 /* Settings */ = {
			isa = PBXGroup;
			children = (
				9688D57B1E69ED3F00C49CD7 /* Controller */,
			);
			name = Settings;
			sourceTree = "<group>";
		};
		9688D5631E69EA2A00C49CD7 /* TabBar */ = {
			isa = PBXGroup;
			children = (
				9688D51F1E69DA4300C49CD7 /* TabBarController.storyboard */,
				9688D5691E69EAAF00C49CD7 /* TabBarController.swift */,
				9688D55E1E69E67600C49CD7 /* Map */,
				9688D55F1E69E69C00C49CD7 /* Inspections */,
				9688D5601E69E6A500C49CD7 /* Projects */,
				9688D5611E69E6AB00C49CD7 /* Favourites */,
				9688D5621E69E6C000C49CD7 /* Settings */,
			);
			name = TabBar;
			sourceTree = "<group>";
		};
		9688D5771E69ED1900C49CD7 /* Controller */ = {
			isa = PBXGroup;
			children = (
				9688D5711E69EB5400C49CD7 /* MapController.storyboard */,
				9688D5871E69EDA300C49CD7 /* MapController.swift */,
			);
			name = Controller;
			sourceTree = "<group>";
		};
		9688D5781E69ED2000C49CD7 /* InspectionsController */ = {
			isa = PBXGroup;
			children = (
				9688D5731E69EB7100C49CD7 /* InspectionsController.storyboard */,
				9688D5851E69ED9200C49CD7 /* InspectionsController.swift */,
				BD3B058D1E6A376C005E2C19 /* cells */,
			);
			name = InspectionsController;
			sourceTree = "<group>";
		};
		9688D5791E69ED2A00C49CD7 /* Controller */ = {
			isa = PBXGroup;
			children = (
				9688D5751E69EB7700C49CD7 /* ProjectsController.storyboard */,
				9688D5831E69ED8400C49CD7 /* ProjectsController.swift */,
				11DBE9181E775CC800C9575C /* Cell */,
			);
			name = Controller;
			sourceTree = "<group>";
		};
		9688D57A1E69ED3900C49CD7 /* Controller */ = {
			isa = PBXGroup;
			children = (
				9688D56F1E69EAF100C49CD7 /* FavoritesController.storyboard */,
				9688D5811E69ED7600C49CD7 /* FavoritesController.swift */,
				11B167281E72063C0057D697 /* Cell */,
			);
			name = Controller;
			sourceTree = "<group>";
		};
		9688D57B1E69ED3F00C49CD7 /* Controller */ = {
			isa = PBXGroup;
			children = (
				9688D56D1E69EAEA00C49CD7 /* SettingsController.storyboard */,
				9688D57F1E69ED6900C49CD7 /* SettingsController.swift */,
			);
			name = Controller;
			sourceTree = "<group>";
		};
		9688D57C1E69ED4500C49CD7 /* LoginController */ = {
			isa = PBXGroup;
			children = (
				9688D56B1E69EADC00C49CD7 /* LoginController.storyboard */,
				9688D57D1E69ED5900C49CD7 /* LoginController.swift */,
			);
			name = LoginController;
			sourceTree = "<group>";
		};
		9688D58C1E69F1A600C49CD7 /* UIColor */ = {
			isa = PBXGroup;
			children = (
				9688D58A1E69F10400C49CD7 /* UIColor.swift */,
			);
			name = UIColor;
			sourceTree = "<group>";
		};
		9688D58D1E69F1AD00C49CD7 /* UIApplication */ = {
			isa = PBXGroup;
			children = (
				9688D54E1E69DA8F00C49CD7 /* UIApplication.swift */,
			);
			name = UIApplication;
			sourceTree = "<group>";
		};
		9688D58E1E69F1B300C49CD7 /* UITableView */ = {
			isa = PBXGroup;
			children = (
				9688D5431E69DA7B00C49CD7 /* UITableView.swift */,
			);
			name = UITableView;
			sourceTree = "<group>";
		};
		9688D58F1E69F1BA00C49CD7 /* UINavigationItem */ = {
			isa = PBXGroup;
			children = (
				9688D5421E69DA7B00C49CD7 /* UINavigationItem.swift */,
			);
			name = UINavigationItem;
			sourceTree = "<group>";
		};
		9688D5901E69F1C600C49CD7 /* UIImage */ = {
			isa = PBXGroup;
			children = (
				9688D5411E69DA7B00C49CD7 /* UIImage.swift */,
			);
			name = UIImage;
			sourceTree = "<group>";
		};
		9688D5911E69F1CB00C49CD7 /* UIAlertController */ = {
			isa = PBXGroup;
			children = (
				9688D5401E69DA7B00C49CD7 /* UIAlertController.swift */,
			);
			name = UIAlertController;
			sourceTree = "<group>";
		};
		BD1959231E708AE7002BC8FC /* UIImageView */ = {
			isa = PBXGroup;
			children = (
				BD1959241E708B15002BC8FC /* UIImageView.swift */,
			);
			name = UIImageView;
			sourceTree = "<group>";
		};
		BD3B058A1E6A3736005E2C19 /* Frameworks */ = {
			isa = PBXGroup;
			children = (
				BD3B058B1E6A3737005E2C19 /* MapKit.framework */,
			);
			name = Frameworks;
			sourceTree = "<group>";
		};
		BD3B058D1E6A376C005E2C19 /* cells */ = {
			isa = PBXGroup;
			children = (
				BD3B058F1E6A3797005E2C19 /* InspectionsCell.xib */,
				BD3B058E1E6A3797005E2C19 /* InspectionsCell.swift */,
			);
			name = cells;
			sourceTree = "<group>";
		};
		BD3B05931E6A3B30005E2C19 /* MKMapView */ = {
			isa = PBXGroup;
			children = (
				BD3B05941E6A3B6E005E2C19 /* MKMapView.swift */,
			);
			name = MKMapView;
			sourceTree = "<group>";
		};
/* End PBXGroup section */

/* Begin PBXNativeTarget section */
		9688D5171E69DA4300C49CD7 /* EAO */ = {
			isa = PBXNativeTarget;
			buildConfigurationList = 9688D5351E69DA4300C49CD7 /* Build configuration list for PBXNativeTarget "EAO" */;
			buildPhases = (
				9688D5141E69DA4300C49CD7 /* Sources */,
				9688D5151E69DA4300C49CD7 /* Frameworks */,
				9688D5161E69DA4300C49CD7 /* Resources */,
				11B167231E71E9700057D697 /* Embed Frameworks */,
			);
			buildRules = (
			);
			dependencies = (
				11B167221E71E9700057D697 /* PBXTargetDependency */,
			);
			name = EAO;
			productName = EAO;
			productReference = 9688D5181E69DA4300C49CD7 /* EAO.app */;
			productType = "com.apple.product-type.application";
		};
		9688D52B1E69DA4300C49CD7 /* EAOTests */ = {
			isa = PBXNativeTarget;
			buildConfigurationList = 9688D5381E69DA4300C49CD7 /* Build configuration list for PBXNativeTarget "EAOTests" */;
			buildPhases = (
				9688D5281E69DA4300C49CD7 /* Sources */,
				9688D5291E69DA4300C49CD7 /* Frameworks */,
				9688D52A1E69DA4300C49CD7 /* Resources */,
			);
			buildRules = (
			);
			dependencies = (
				9688D52E1E69DA4300C49CD7 /* PBXTargetDependency */,
			);
			name = EAOTests;
			productName = EAOTests;
			productReference = 9688D52C1E69DA4300C49CD7 /* EAOTests.xctest */;
			productType = "com.apple.product-type.bundle.unit-test";
		};
/* End PBXNativeTarget section */

/* Begin PBXProject section */
		9688D5101E69DA4300C49CD7 /* Project object */ = {
			isa = PBXProject;
			attributes = {
				LastSwiftUpdateCheck = 0820;
				LastUpgradeCheck = 0820;
				ORGANIZATIONNAME = FreshWorks;
				TargetAttributes = {
					9688D5171E69DA4300C49CD7 = {
						CreatedOnToolsVersion = 8.2;
						DevelopmentTeam = 5XXS68385U;
						LastSwiftMigration = 0820;
						ProvisioningStyle = Automatic;
					};
					9688D52B1E69DA4300C49CD7 = {
						CreatedOnToolsVersion = 8.2;
						DevelopmentTeam = TCH45SXZ69;
						ProvisioningStyle = Automatic;
						TestTargetID = 9688D5171E69DA4300C49CD7;
					};
				};
			};
			buildConfigurationList = 9688D5131E69DA4300C49CD7 /* Build configuration list for PBXProject "EAO" */;
			compatibilityVersion = "Xcode 3.2";
			developmentRegion = English;
			hasScannedForEncodings = 0;
			knownRegions = (
				en,
				Base,
			);
			mainGroup = 9688D50F1E69DA4300C49CD7;
			productRefGroup = 9688D5191E69DA4300C49CD7 /* Products */;
			projectDirPath = "";
			projectReferences = (
				{
					ProductGroup = 11B1671A1E71E9380057D697 /* Products */;
					ProjectRef = 11B167191E71E9380057D697 /* Essentials.xcodeproj */;
				},
			);
			projectRoot = "";
			targets = (
				9688D5171E69DA4300C49CD7 /* EAO */,
				9688D52B1E69DA4300C49CD7 /* EAOTests */,
			);
		};
/* End PBXProject section */

/* Begin PBXReferenceProxy section */
		11B1671E1E71E9390057D697 /* Essentials.framework */ = {
			isa = PBXReferenceProxy;
			fileType = wrapper.framework;
			path = Essentials.framework;
			remoteRef = 11B1671D1E71E9390057D697 /* PBXContainerItemProxy */;
			sourceTree = BUILT_PRODUCTS_DIR;
		};
/* End PBXReferenceProxy section */

/* Begin PBXResourcesBuildPhase section */
		9688D5161E69DA4300C49CD7 /* Resources */ = {
			isa = PBXResourcesBuildPhase;
			buildActionMask = 2147483647;
			files = (
				9688D56C1E69EADC00C49CD7 /* LoginController.storyboard in Resources */,
				11CEADAC1E799B5200E2242C /* InspectionFormController.storyboard in Resources */,
				9688D5721E69EB5500C49CD7 /* MapController.storyboard in Resources */,
				9688D5261E69DA4300C49CD7 /* LaunchScreen.storyboard in Resources */,
				11CEADDA1E79C4A700E2242C /* UploadPhotoController.storyboard in Resources */,
				BD3B05911E6A3797005E2C19 /* InspectionsCell.xib in Resources */,
				9688D5701E69EAF100C49CD7 /* FavoritesController.storyboard in Resources */,
				9688D5741E69EB7100C49CD7 /* InspectionsController.storyboard in Resources */,
				9688D5231E69DA4300C49CD7 /* Assets.xcassets in Resources */,
				11CEADE51E79C64F00E2242C /* TextViewWithPlaceholder.xib in Resources */,
				11CEADED1E79E71000E2242C /* MapPreviewController.storyboard in Resources */,
				9688D5211E69DA4300C49CD7 /* TabBarController.storyboard in Resources */,
				9688D5761E69EB7700C49CD7 /* ProjectsController.storyboard in Resources */,
				9688D56E1E69EAEA00C49CD7 /* SettingsController.storyboard in Resources */,
			);
			runOnlyForDeploymentPostprocessing = 0;
		};
		9688D52A1E69DA4300C49CD7 /* Resources */ = {
			isa = PBXResourcesBuildPhase;
			buildActionMask = 2147483647;
			files = (
			);
			runOnlyForDeploymentPostprocessing = 0;
		};
/* End PBXResourcesBuildPhase section */

/* Begin PBXSourcesBuildPhase section */
		9688D5141E69DA4300C49CD7 /* Sources */ = {
			isa = PBXSourcesBuildPhase;
			buildActionMask = 2147483647;
			files = (
				9688D5841E69ED8400C49CD7 /* ProjectsController.swift in Sources */,
				BD3B05901E6A3797005E2C19 /* InspectionsCell.swift in Sources */,
				9688D54F1E69DA8F00C49CD7 /* UIApplication.swift in Sources */,
				11CEADE81E79DCE200E2242C /* Date.swift in Sources */,
				11CEADEA1E79E6E800E2242C /* MapPreviewController.swift in Sources */,
				11CEADE41E79C64F00E2242C /* TextViewWithPlaceholder.swift in Sources */,
				9688D54B1E69DA7B00C49CD7 /* UINavigationItem.swift in Sources */,
				11CEADD21E79BF1900E2242C /* PlusShape.swift in Sources */,
				9688D5481E69DA7B00C49CD7 /* Constant.swift in Sources */,
				9688D5821E69ED7600C49CD7 /* FavoritesController.swift in Sources */,
				11CEADE61E79C64F00E2242C /* TextViewWithPlaceholderDelegate.swift in Sources */,
				BD1959251E708B15002BC8FC /* UIImageView.swift in Sources */,
				BD3B05951E6A3B6E005E2C19 /* MKMapView.swift in Sources */,
				9688D5451E69DA7B00C49CD7 /* CommonTableView.swift in Sources */,
				9688D56A1E69EAAF00C49CD7 /* TabBarController.swift in Sources */,
				9688D5441E69DA7B00C49CD7 /* CommonMethods.swift in Sources */,
				11B167271E7206380057D697 /* FavoritesCell.swift in Sources */,
				9688D58B1E69F10400C49CD7 /* UIColor.swift in Sources */,
				11CEADD31E79BF1900E2242C /* ArrowRightShape.swift in Sources */,
				11CEADA91E799B3B00E2242C /* InspectionFormController.swift in Sources */,
				9688D5491E69DA7B00C49CD7 /* UIAlertController.swift in Sources */,
				11DBE9171E775CA200C9575C /* ProjectsCell.swift in Sources */,
				11CEADF21E79E7EB00E2242C /* DismissButton.swift in Sources */,
				9688D5471E69DA7B00C49CD7 /* CommonViewController.swift in Sources */,
				9688D54C1E69DA7B00C49CD7 /* UITableView.swift in Sources */,
				9688D5861E69ED9200C49CD7 /* InspectionsController.swift in Sources */,
				11CEADDC1E79C4B600E2242C /* UploadPhotoController.swift in Sources */,
				11DBE9141E774DD900C9575C /* DocumentPreviewController.swift in Sources */,
				9688D5801E69ED6900C49CD7 /* SettingsController.swift in Sources */,
				9688D5881E69EDA300C49CD7 /* MapController.swift in Sources */,
				9688D54A1E69DA7B00C49CD7 /* UIImage.swift in Sources */,
				9688D51C1E69DA4300C49CD7 /* AppDelegate.swift in Sources */,
				9688D57E1E69ED5900C49CD7 /* LoginController.swift in Sources */,
				9688D5461E69DA7B00C49CD7 /* CommonTableViewCell.swift in Sources */,
			);
			runOnlyForDeploymentPostprocessing = 0;
		};
		9688D5281E69DA4300C49CD7 /* Sources */ = {
			isa = PBXSourcesBuildPhase;
			buildActionMask = 2147483647;
			files = (
				9688D5311E69DA4300C49CD7 /* EAOTests.swift in Sources */,
			);
			runOnlyForDeploymentPostprocessing = 0;
		};
/* End PBXSourcesBuildPhase section */

/* Begin PBXTargetDependency section */
		11B167221E71E9700057D697 /* PBXTargetDependency */ = {
			isa = PBXTargetDependency;
			name = Essentials;
			targetProxy = 11B167211E71E9700057D697 /* PBXContainerItemProxy */;
		};
		9688D52E1E69DA4300C49CD7 /* PBXTargetDependency */ = {
			isa = PBXTargetDependency;
			target = 9688D5171E69DA4300C49CD7 /* EAO */;
			targetProxy = 9688D52D1E69DA4300C49CD7 /* PBXContainerItemProxy */;
		};
/* End PBXTargetDependency section */

/* Begin PBXVariantGroup section */
		9688D51F1E69DA4300C49CD7 /* TabBarController.storyboard */ = {
			isa = PBXVariantGroup;
			children = (
				9688D5201E69DA4300C49CD7 /* Base */,
			);
			name = TabBarController.storyboard;
			sourceTree = "<group>";
		};
		9688D5241E69DA4300C49CD7 /* LaunchScreen.storyboard */ = {
			isa = PBXVariantGroup;
			children = (
				9688D5251E69DA4300C49CD7 /* Base */,
			);
			name = LaunchScreen.storyboard;
			sourceTree = "<group>";
		};
/* End PBXVariantGroup section */

/* Begin XCBuildConfiguration section */
		9688D5331E69DA4300C49CD7 /* Debug */ = {
			isa = XCBuildConfiguration;
			buildSettings = {
				ALWAYS_SEARCH_USER_PATHS = NO;
				CLANG_ANALYZER_NONNULL = YES;
				CLANG_CXX_LANGUAGE_STANDARD = "gnu++0x";
				CLANG_CXX_LIBRARY = "libc++";
				CLANG_ENABLE_MODULES = YES;
				CLANG_ENABLE_OBJC_ARC = YES;
				CLANG_WARN_BOOL_CONVERSION = YES;
				CLANG_WARN_CONSTANT_CONVERSION = YES;
				CLANG_WARN_DIRECT_OBJC_ISA_USAGE = YES_ERROR;
				CLANG_WARN_DOCUMENTATION_COMMENTS = YES;
				CLANG_WARN_EMPTY_BODY = YES;
				CLANG_WARN_ENUM_CONVERSION = YES;
				CLANG_WARN_INFINITE_RECURSION = YES;
				CLANG_WARN_INT_CONVERSION = YES;
				CLANG_WARN_OBJC_ROOT_CLASS = YES_ERROR;
				CLANG_WARN_SUSPICIOUS_MOVE = YES;
				CLANG_WARN_UNREACHABLE_CODE = YES;
				CLANG_WARN__DUPLICATE_METHOD_MATCH = YES;
				"CODE_SIGN_IDENTITY[sdk=iphoneos*]" = "iPhone Developer";
				COPY_PHASE_STRIP = NO;
				DEBUG_INFORMATION_FORMAT = dwarf;
				ENABLE_STRICT_OBJC_MSGSEND = YES;
				ENABLE_TESTABILITY = YES;
				GCC_C_LANGUAGE_STANDARD = gnu99;
				GCC_DYNAMIC_NO_PIC = NO;
				GCC_NO_COMMON_BLOCKS = YES;
				GCC_OPTIMIZATION_LEVEL = 0;
				GCC_PREPROCESSOR_DEFINITIONS = (
					"DEBUG=1",
					"$(inherited)",
				);
				GCC_WARN_64_TO_32_BIT_CONVERSION = YES;
				GCC_WARN_ABOUT_RETURN_TYPE = YES_ERROR;
				GCC_WARN_UNDECLARED_SELECTOR = YES;
				GCC_WARN_UNINITIALIZED_AUTOS = YES_AGGRESSIVE;
				GCC_WARN_UNUSED_FUNCTION = YES;
				GCC_WARN_UNUSED_VARIABLE = YES;
				IPHONEOS_DEPLOYMENT_TARGET = 10.2;
				MTL_ENABLE_DEBUG_INFO = YES;
				ONLY_ACTIVE_ARCH = YES;
				SDKROOT = iphoneos;
				SWIFT_ACTIVE_COMPILATION_CONDITIONS = DEBUG;
				SWIFT_OPTIMIZATION_LEVEL = "-Onone";
				TARGETED_DEVICE_FAMILY = "1,2";
			};
			name = Debug;
		};
		9688D5341E69DA4300C49CD7 /* Release */ = {
			isa = XCBuildConfiguration;
			buildSettings = {
				ALWAYS_SEARCH_USER_PATHS = NO;
				CLANG_ANALYZER_NONNULL = YES;
				CLANG_CXX_LANGUAGE_STANDARD = "gnu++0x";
				CLANG_CXX_LIBRARY = "libc++";
				CLANG_ENABLE_MODULES = YES;
				CLANG_ENABLE_OBJC_ARC = YES;
				CLANG_WARN_BOOL_CONVERSION = YES;
				CLANG_WARN_CONSTANT_CONVERSION = YES;
				CLANG_WARN_DIRECT_OBJC_ISA_USAGE = YES_ERROR;
				CLANG_WARN_DOCUMENTATION_COMMENTS = YES;
				CLANG_WARN_EMPTY_BODY = YES;
				CLANG_WARN_ENUM_CONVERSION = YES;
				CLANG_WARN_INFINITE_RECURSION = YES;
				CLANG_WARN_INT_CONVERSION = YES;
				CLANG_WARN_OBJC_ROOT_CLASS = YES_ERROR;
				CLANG_WARN_SUSPICIOUS_MOVE = YES;
				CLANG_WARN_UNREACHABLE_CODE = YES;
				CLANG_WARN__DUPLICATE_METHOD_MATCH = YES;
				"CODE_SIGN_IDENTITY[sdk=iphoneos*]" = "iPhone Developer";
				COPY_PHASE_STRIP = NO;
				DEBUG_INFORMATION_FORMAT = "dwarf-with-dsym";
				ENABLE_NS_ASSERTIONS = NO;
				ENABLE_STRICT_OBJC_MSGSEND = YES;
				GCC_C_LANGUAGE_STANDARD = gnu99;
				GCC_NO_COMMON_BLOCKS = YES;
				GCC_WARN_64_TO_32_BIT_CONVERSION = YES;
				GCC_WARN_ABOUT_RETURN_TYPE = YES_ERROR;
				GCC_WARN_UNDECLARED_SELECTOR = YES;
				GCC_WARN_UNINITIALIZED_AUTOS = YES_AGGRESSIVE;
				GCC_WARN_UNUSED_FUNCTION = YES;
				GCC_WARN_UNUSED_VARIABLE = YES;
				IPHONEOS_DEPLOYMENT_TARGET = 10.2;
				MTL_ENABLE_DEBUG_INFO = NO;
				SDKROOT = iphoneos;
				SWIFT_OPTIMIZATION_LEVEL = "-Owholemodule";
				TARGETED_DEVICE_FAMILY = "1,2";
				VALIDATE_PRODUCT = YES;
			};
			name = Release;
		};
		9688D5361E69DA4300C49CD7 /* Debug */ = {
			isa = XCBuildConfiguration;
			buildSettings = {
				ALWAYS_EMBED_SWIFT_STANDARD_LIBRARIES = YES;
				ASSETCATALOG_COMPILER_APPICON_NAME = AppIcon;
				CLANG_ENABLE_MODULES = YES;
				DEVELOPMENT_TEAM = 5XXS68385U;
				INFOPLIST_FILE = EAO/Info.plist;
				LD_RUNPATH_SEARCH_PATHS = "$(inherited) @executable_path/Frameworks";
				PRODUCT_BUNDLE_IDENTIFIER = io.freshworks.EAO;
				PRODUCT_NAME = "$(TARGET_NAME)";
				SWIFT_OBJC_BRIDGING_HEADER = "EAO/EAO-Bridging-Header.h";
				SWIFT_OPTIMIZATION_LEVEL = "-Onone";
				SWIFT_VERSION = 3.0;
			};
			name = Debug;
		};
		9688D5371E69DA4300C49CD7 /* Release */ = {
			isa = XCBuildConfiguration;
			buildSettings = {
				ALWAYS_EMBED_SWIFT_STANDARD_LIBRARIES = YES;
				ASSETCATALOG_COMPILER_APPICON_NAME = AppIcon;
				CLANG_ENABLE_MODULES = YES;
				DEVELOPMENT_TEAM = 5XXS68385U;
				INFOPLIST_FILE = EAO/Info.plist;
				LD_RUNPATH_SEARCH_PATHS = "$(inherited) @executable_path/Frameworks";
				PRODUCT_BUNDLE_IDENTIFIER = io.freshworks.EAO;
				PRODUCT_NAME = "$(TARGET_NAME)";
				SWIFT_OBJC_BRIDGING_HEADER = "EAO/EAO-Bridging-Header.h";
				SWIFT_VERSION = 3.0;
			};
			name = Release;
		};
		9688D5391E69DA4300C49CD7 /* Debug */ = {
			isa = XCBuildConfiguration;
			buildSettings = {
				ALWAYS_EMBED_SWIFT_STANDARD_LIBRARIES = YES;
				BUNDLE_LOADER = "$(TEST_HOST)";
				DEVELOPMENT_TEAM = TCH45SXZ69;
				INFOPLIST_FILE = EAOTests/Info.plist;
				LD_RUNPATH_SEARCH_PATHS = "$(inherited) @executable_path/Frameworks @loader_path/Frameworks";
				PRODUCT_BUNDLE_IDENTIFIER = io.freshworks.EAOTests;
				PRODUCT_NAME = "$(TARGET_NAME)";
				SWIFT_VERSION = 3.0;
				TEST_HOST = "$(BUILT_PRODUCTS_DIR)/EAO.app/EAO";
			};
			name = Debug;
		};
		9688D53A1E69DA4300C49CD7 /* Release */ = {
			isa = XCBuildConfiguration;
			buildSettings = {
				ALWAYS_EMBED_SWIFT_STANDARD_LIBRARIES = YES;
				BUNDLE_LOADER = "$(TEST_HOST)";
				DEVELOPMENT_TEAM = TCH45SXZ69;
				INFOPLIST_FILE = EAOTests/Info.plist;
				LD_RUNPATH_SEARCH_PATHS = "$(inherited) @executable_path/Frameworks @loader_path/Frameworks";
				PRODUCT_BUNDLE_IDENTIFIER = io.freshworks.EAOTests;
				PRODUCT_NAME = "$(TARGET_NAME)";
				SWIFT_VERSION = 3.0;
				TEST_HOST = "$(BUILT_PRODUCTS_DIR)/EAO.app/EAO";
			};
			name = Release;
		};
/* End XCBuildConfiguration section */

/* Begin XCConfigurationList section */
		9688D5131E69DA4300C49CD7 /* Build configuration list for PBXProject "EAO" */ = {
			isa = XCConfigurationList;
			buildConfigurations = (
				9688D5331E69DA4300C49CD7 /* Debug */,
				9688D5341E69DA4300C49CD7 /* Release */,
			);
			defaultConfigurationIsVisible = 0;
			defaultConfigurationName = Release;
		};
		9688D5351E69DA4300C49CD7 /* Build configuration list for PBXNativeTarget "EAO" */ = {
			isa = XCConfigurationList;
			buildConfigurations = (
				9688D5361E69DA4300C49CD7 /* Debug */,
				9688D5371E69DA4300C49CD7 /* Release */,
			);
			defaultConfigurationIsVisible = 0;
			defaultConfigurationName = Release;
		};
		9688D5381E69DA4300C49CD7 /* Build configuration list for PBXNativeTarget "EAOTests" */ = {
			isa = XCConfigurationList;
			buildConfigurations = (
				9688D5391E69DA4300C49CD7 /* Debug */,
				9688D53A1E69DA4300C49CD7 /* Release */,
			);
			defaultConfigurationIsVisible = 0;
			defaultConfigurationName = Release;
		};
/* End XCConfigurationList section */
	};
	rootObject = 9688D5101E69DA4300C49CD7 /* Project object */;
}
