// !$*UTF8*$!
{
	archiveVersion = 1;
	classes = {
	};
	objectVersion = 46;
	objects = {

/* Begin PBXBuildFile section */
		110FF0A21E8C25C5000DB1A5 /* Date.swift in Sources */ = {isa = PBXBuildFile; fileRef = 110FF0991E8C25C5000DB1A5 /* Date.swift */; };
		110FF0A31E8C25C5000DB1A5 /* MKMapView.swift in Sources */ = {isa = PBXBuildFile; fileRef = 110FF09A1E8C25C5000DB1A5 /* MKMapView.swift */; };
		110FF0A41E8C25C5000DB1A5 /* UIAlertController.swift in Sources */ = {isa = PBXBuildFile; fileRef = 110FF09B1E8C25C5000DB1A5 /* UIAlertController.swift */; };
		110FF0A51E8C25C5000DB1A5 /* UIApplication.swift in Sources */ = {isa = PBXBuildFile; fileRef = 110FF09C1E8C25C5000DB1A5 /* UIApplication.swift */; };
		110FF0A61E8C25C5000DB1A5 /* UIColor.swift in Sources */ = {isa = PBXBuildFile; fileRef = 110FF09D1E8C25C5000DB1A5 /* UIColor.swift */; };
		110FF0A71E8C25C5000DB1A5 /* UIImage.swift in Sources */ = {isa = PBXBuildFile; fileRef = 110FF09E1E8C25C5000DB1A5 /* UIImage.swift */; };
		110FF0A81E8C25C5000DB1A5 /* UIImageView.swift in Sources */ = {isa = PBXBuildFile; fileRef = 110FF09F1E8C25C5000DB1A5 /* UIImageView.swift */; };
		110FF0A91E8C25C5000DB1A5 /* UINavigationItem.swift in Sources */ = {isa = PBXBuildFile; fileRef = 110FF0A01E8C25C5000DB1A5 /* UINavigationItem.swift */; };
		110FF0AA1E8C25C5000DB1A5 /* UITableView.swift in Sources */ = {isa = PBXBuildFile; fileRef = 110FF0A11E8C25C5000DB1A5 /* UITableView.swift */; };
		110FF0B31E8C2833000DB1A5 /* Assets.xcassets in Resources */ = {isa = PBXBuildFile; fileRef = 110FF0AF1E8C2833000DB1A5 /* Assets.xcassets */; };
		110FF0B51E8C2833000DB1A5 /* samplePDF.pdf in Resources */ = {isa = PBXBuildFile; fileRef = 110FF0B21E8C2833000DB1A5 /* samplePDF.pdf */; };
		110FF0E01E8C2CA7000DB1A5 /* UploadPhotoController.storyboard in Resources */ = {isa = PBXBuildFile; fileRef = 110FF0DE1E8C2CA7000DB1A5 /* UploadPhotoController.storyboard */; };
		110FF0E11E8C2CA7000DB1A5 /* UploadPhotoController.swift in Sources */ = {isa = PBXBuildFile; fileRef = 110FF0DF1E8C2CA7000DB1A5 /* UploadPhotoController.swift */; };
		110FF0E41E8C2CB2000DB1A5 /* MapPreviewController.storyboard in Resources */ = {isa = PBXBuildFile; fileRef = 110FF0E21E8C2CB2000DB1A5 /* MapPreviewController.storyboard */; };
		110FF0E51E8C2CB2000DB1A5 /* MapPreviewController.swift in Sources */ = {isa = PBXBuildFile; fileRef = 110FF0E31E8C2CB2000DB1A5 /* MapPreviewController.swift */; };
		110FF0E81E8C2CC1000DB1A5 /* ProjectPreviewController.storyboard in Resources */ = {isa = PBXBuildFile; fileRef = 110FF0E61E8C2CC1000DB1A5 /* ProjectPreviewController.storyboard */; };
		110FF0E91E8C2CC1000DB1A5 /* ProjectPreviewController.swift in Sources */ = {isa = PBXBuildFile; fileRef = 110FF0E71E8C2CC1000DB1A5 /* ProjectPreviewController.swift */; };
		110FF0EC1E8C2CD0000DB1A5 /* SearchController.storyboard in Resources */ = {isa = PBXBuildFile; fileRef = 110FF0EA1E8C2CD0000DB1A5 /* SearchController.storyboard */; };
		110FF0ED1E8C2CD0000DB1A5 /* SearchController.swift in Sources */ = {isa = PBXBuildFile; fileRef = 110FF0EB1E8C2CD0000DB1A5 /* SearchController.swift */; };
		110FF0EF1E8C2CDF000DB1A5 /* Constant.swift in Sources */ = {isa = PBXBuildFile; fileRef = 110FF0EE1E8C2CDF000DB1A5 /* Constant.swift */; };
		110FF1091E8C3847000DB1A5 /* LaunchScreen.swift in Sources */ = {isa = PBXBuildFile; fileRef = 110FF1081E8C3847000DB1A5 /* LaunchScreen.swift */; };
		110FF10C1E8C38A6000DB1A5 /* LaunchScreen.storyboard in Resources */ = {isa = PBXBuildFile; fileRef = 110FF10B1E8C38A6000DB1A5 /* LaunchScreen.storyboard */; };
		110FF14D1E8C4A50000DB1A5 /* InspectionsController.storyboard in Resources */ = {isa = PBXBuildFile; fileRef = 110FF14C1E8C4A50000DB1A5 /* InspectionsController.storyboard */; };
		110FF18D1E8C5B65000DB1A5 /* InspectionsCell.swift in Sources */ = {isa = PBXBuildFile; fileRef = 110FF18C1E8C5B65000DB1A5 /* InspectionsCell.swift */; };
		112F74721E97FDC80076926A /* LoginController.swift in Sources */ = {isa = PBXBuildFile; fileRef = 112F74711E97FDC80076926A /* LoginController.swift */; };
		112F74741E97FDD90076926A /* SignupController.swift in Sources */ = {isa = PBXBuildFile; fileRef = 112F74731E97FDD90076926A /* SignupController.swift */; };
		112F747A1E97FE320076926A /* LoginController.storyboard in Resources */ = {isa = PBXBuildFile; fileRef = 112F74791E97FE320076926A /* LoginController.storyboard */; };
		112F747C1E9807920076926A /* SignupController.storyboard in Resources */ = {isa = PBXBuildFile; fileRef = 112F747B1E9807920076926A /* SignupController.storyboard */; };
		112F74811E980F6A0076926A /* UITextField.swift in Sources */ = {isa = PBXBuildFile; fileRef = 112F74801E980F6A0076926A /* UITextField.swift */; };
		112F74F11E9815A70076926A /* SettingsController.storyboard in Resources */ = {isa = PBXBuildFile; fileRef = 112F74EF1E9815A70076926A /* SettingsController.storyboard */; };
		112F74F21E9815A70076926A /* SettingsController.swift in Sources */ = {isa = PBXBuildFile; fileRef = 112F74F01E9815A70076926A /* SettingsController.swift */; };
		1159B3361EB102C000F72750 /* PFObservation.swift in Sources */ = {isa = PBXBuildFile; fileRef = 1159B3351EB102C000F72750 /* PFObservation.swift */; };
		1159B3A71EB1236700F72750 /* PFInspection.swift in Sources */ = {isa = PBXBuildFile; fileRef = 1159B3A61EB1236700F72750 /* PFInspection.swift */; };
		11823BEE1EB24FF80028719B /* EProject.swift in Sources */ = {isa = PBXBuildFile; fileRef = 11823BED1EB24FF80028719B /* EProject.swift */; };
		11823BF11EB25A1A0028719B /* PFProject.swift in Sources */ = {isa = PBXBuildFile; fileRef = 11823BF01EB25A1A0028719B /* PFProject.swift */; };
		11B1671F1E71E9700057D697 /* Essentials.framework in Frameworks */ = {isa = PBXBuildFile; fileRef = 11B1671E1E71E9390057D697 /* Essentials.framework */; };
		11B167201E71E9700057D697 /* Essentials.framework in Embed Frameworks */ = {isa = PBXBuildFile; fileRef = 11B1671E1E71E9390057D697 /* Essentials.framework */; settings = {ATTRIBUTES = (CodeSignOnCopy, RemoveHeadersOnCopy, ); }; };
		11D70EB01E8D7A9800CBF92C /* InspectionsController.swift in Sources */ = {isa = PBXBuildFile; fileRef = 11D70EAF1E8D7A9800CBF92C /* InspectionsController.swift */; };
		11D70EB31E8D852800CBF92C /* InspectionSetupController.swift in Sources */ = {isa = PBXBuildFile; fileRef = 11D70EB21E8D852800CBF92C /* InspectionSetupController.swift */; };
		11D70EB61E8D856400CBF92C /* InspectionSetupController.storyboard in Resources */ = {isa = PBXBuildFile; fileRef = 11D70EB51E8D856400CBF92C /* InspectionSetupController.storyboard */; };
		11D70EBB1E8D8DE400CBF92C /* ProjectListController.swift in Sources */ = {isa = PBXBuildFile; fileRef = 11D70EBA1E8D8DE400CBF92C /* ProjectListController.swift */; };
		11D70EBE1E8D8E0000CBF92C /* ProjectListController.storyboard in Resources */ = {isa = PBXBuildFile; fileRef = 11D70EBD1E8D8E0000CBF92C /* ProjectListController.storyboard */; };
		11D70EC61E8D90B600CBF92C /* ProjectListCell.swift in Sources */ = {isa = PBXBuildFile; fileRef = 11D70EC51E8D90B600CBF92C /* ProjectListCell.swift */; };
		11D70EC91E8D9A7F00CBF92C /* InspectionFormController.swift in Sources */ = {isa = PBXBuildFile; fileRef = 11D70EC81E8D9A7F00CBF92C /* InspectionFormController.swift */; };
		11D70ECC1E8D9A8B00CBF92C /* InspectionFormController.storyboard in Resources */ = {isa = PBXBuildFile; fileRef = 11D70ECB1E8D9A8B00CBF92C /* InspectionFormController.storyboard */; };
		11D70ED51E8DA02000CBF92C /* InspectionFormCell.swift in Sources */ = {isa = PBXBuildFile; fileRef = 11D70ED41E8DA02000CBF92C /* InspectionFormCell.swift */; };
		11D70ED91E8DA36800CBF92C /* ObservationElementController.storyboard in Resources */ = {isa = PBXBuildFile; fileRef = 11D70ED81E8DA36800CBF92C /* ObservationElementController.storyboard */; };
		11D70EDC1E8DA83D00CBF92C /* ObservationElementController.swift in Sources */ = {isa = PBXBuildFile; fileRef = 11D70EDB1E8DA83D00CBF92C /* ObservationElementController.swift */; };
		54A450104FD83EFA9471288B /* Pods_EAO.framework in Frameworks */ = {isa = PBXBuildFile; fileRef = AD0E7F8FD1D452DB3152947A /* Pods_EAO.framework */; };
		9688D51C1E69DA4300C49CD7 /* AppDelegate.swift in Sources */ = {isa = PBXBuildFile; fileRef = 9688D51B1E69DA4300C49CD7 /* AppDelegate.swift */; };
		9688D5311E69DA4300C49CD7 /* EAOTests.swift in Sources */ = {isa = PBXBuildFile; fileRef = 9688D5301E69DA4300C49CD7 /* EAOTests.swift */; };
		BD3B058C1E6A3737005E2C19 /* MapKit.framework in Frameworks */ = {isa = PBXBuildFile; fileRef = BD3B058B1E6A3737005E2C19 /* MapKit.framework */; };
		FD05116F14F15DD1D71C6E9F /* Pods_EAOTests.framework in Frameworks */ = {isa = PBXBuildFile; fileRef = 838F596C6F1C976D435F3B32 /* Pods_EAOTests.framework */; };
/* End PBXBuildFile section */

/* Begin PBXContainerItemProxy section */
		11B1671D1E71E9390057D697 /* PBXContainerItemProxy */ = {
			isa = PBXContainerItemProxy;
			containerPortal = 11B167191E71E9380057D697 /* Essentials.xcodeproj */;
			proxyType = 2;
			remoteGlobalIDString = 110B7FA41E56375300650A9D;
			remoteInfo = Essentials;
		};
		11B167211E71E9700057D697 /* PBXContainerItemProxy */ = {
			isa = PBXContainerItemProxy;
			containerPortal = 11B167191E71E9380057D697 /* Essentials.xcodeproj */;
			proxyType = 1;
			remoteGlobalIDString = 110B7FA31E56375300650A9D;
			remoteInfo = Essentials;
		};
		9688D52D1E69DA4300C49CD7 /* PBXContainerItemProxy */ = {
			isa = PBXContainerItemProxy;
			containerPortal = 9688D5101E69DA4300C49CD7 /* Project object */;
			proxyType = 1;
			remoteGlobalIDString = 9688D5171E69DA4300C49CD7;
			remoteInfo = EAO;
		};
/* End PBXContainerItemProxy section */

/* Begin PBXCopyFilesBuildPhase section */
		11B167231E71E9700057D697 /* Embed Frameworks */ = {
			isa = PBXCopyFilesBuildPhase;
			buildActionMask = 2147483647;
			dstPath = "";
			dstSubfolderSpec = 10;
			files = (
				11B167201E71E9700057D697 /* Essentials.framework in Embed Frameworks */,
			);
			name = "Embed Frameworks";
			runOnlyForDeploymentPostprocessing = 0;
		};
/* End PBXCopyFilesBuildPhase section */

/* Begin PBXFileReference section */
		0FB8CC7075B05FAACACB1EEF /* Pods-EAO.debug.xcconfig */ = {isa = PBXFileReference; includeInIndex = 1; lastKnownFileType = text.xcconfig; name = "Pods-EAO.debug.xcconfig"; path = "Pods/Target Support Files/Pods-EAO/Pods-EAO.debug.xcconfig"; sourceTree = "<group>"; };
		110FF0991E8C25C5000DB1A5 /* Date.swift */ = {isa = PBXFileReference; fileEncoding = 4; lastKnownFileType = sourcecode.swift; name = Date.swift; path = Extensions/Date.swift; sourceTree = "<group>"; };
		110FF09A1E8C25C5000DB1A5 /* MKMapView.swift */ = {isa = PBXFileReference; fileEncoding = 4; lastKnownFileType = sourcecode.swift; name = MKMapView.swift; path = Extensions/MKMapView.swift; sourceTree = "<group>"; };
		110FF09B1E8C25C5000DB1A5 /* UIAlertController.swift */ = {isa = PBXFileReference; fileEncoding = 4; lastKnownFileType = sourcecode.swift; name = UIAlertController.swift; path = Extensions/UIAlertController.swift; sourceTree = "<group>"; };
		110FF09C1E8C25C5000DB1A5 /* UIApplication.swift */ = {isa = PBXFileReference; fileEncoding = 4; lastKnownFileType = sourcecode.swift; name = UIApplication.swift; path = Extensions/UIApplication.swift; sourceTree = "<group>"; };
		110FF09D1E8C25C5000DB1A5 /* UIColor.swift */ = {isa = PBXFileReference; fileEncoding = 4; lastKnownFileType = sourcecode.swift; name = UIColor.swift; path = Extensions/UIColor.swift; sourceTree = "<group>"; };
		110FF09E1E8C25C5000DB1A5 /* UIImage.swift */ = {isa = PBXFileReference; fileEncoding = 4; lastKnownFileType = sourcecode.swift; name = UIImage.swift; path = Extensions/UIImage.swift; sourceTree = "<group>"; };
		110FF09F1E8C25C5000DB1A5 /* UIImageView.swift */ = {isa = PBXFileReference; fileEncoding = 4; lastKnownFileType = sourcecode.swift; name = UIImageView.swift; path = Extensions/UIImageView.swift; sourceTree = "<group>"; };
		110FF0A01E8C25C5000DB1A5 /* UINavigationItem.swift */ = {isa = PBXFileReference; fileEncoding = 4; lastKnownFileType = sourcecode.swift; name = UINavigationItem.swift; path = Extensions/UINavigationItem.swift; sourceTree = "<group>"; };
		110FF0A11E8C25C5000DB1A5 /* UITableView.swift */ = {isa = PBXFileReference; fileEncoding = 4; lastKnownFileType = sourcecode.swift; name = UITableView.swift; path = Extensions/UITableView.swift; sourceTree = "<group>"; };
		110FF0AF1E8C2833000DB1A5 /* Assets.xcassets */ = {isa = PBXFileReference; lastKnownFileType = folder.assetcatalog; name = Assets.xcassets; path = Resources/Assets.xcassets; sourceTree = "<group>"; };
		110FF0B01E8C2833000DB1A5 /* EAO-Bridging-Header.h */ = {isa = PBXFileReference; fileEncoding = 4; lastKnownFileType = sourcecode.c.h; name = "EAO-Bridging-Header.h"; path = "Resources/EAO-Bridging-Header.h"; sourceTree = "<group>"; };
		110FF0B11E8C2833000DB1A5 /* Info.plist */ = {isa = PBXFileReference; fileEncoding = 4; lastKnownFileType = text.plist.xml; name = Info.plist; path = Resources/Info.plist; sourceTree = "<group>"; };
		110FF0B21E8C2833000DB1A5 /* samplePDF.pdf */ = {isa = PBXFileReference; lastKnownFileType = image.pdf; name = samplePDF.pdf; path = Resources/samplePDF.pdf; sourceTree = "<group>"; };
		110FF0DE1E8C2CA7000DB1A5 /* UploadPhotoController.storyboard */ = {isa = PBXFileReference; fileEncoding = 4; lastKnownFileType = file.storyboard; name = UploadPhotoController.storyboard; path = Modules/Uploadphoto/UploadPhotoController.storyboard; sourceTree = "<group>"; };
		110FF0DF1E8C2CA7000DB1A5 /* UploadPhotoController.swift */ = {isa = PBXFileReference; fileEncoding = 4; lastKnownFileType = sourcecode.swift; name = UploadPhotoController.swift; path = Modules/Uploadphoto/UploadPhotoController.swift; sourceTree = "<group>"; };
		110FF0E21E8C2CB2000DB1A5 /* MapPreviewController.storyboard */ = {isa = PBXFileReference; fileEncoding = 4; lastKnownFileType = file.storyboard; name = MapPreviewController.storyboard; path = Modules/MapPreview/MapPreviewController.storyboard; sourceTree = "<group>"; };
		110FF0E31E8C2CB2000DB1A5 /* MapPreviewController.swift */ = {isa = PBXFileReference; fileEncoding = 4; lastKnownFileType = sourcecode.swift; name = MapPreviewController.swift; path = Modules/MapPreview/MapPreviewController.swift; sourceTree = "<group>"; };
		110FF0E61E8C2CC1000DB1A5 /* ProjectPreviewController.storyboard */ = {isa = PBXFileReference; fileEncoding = 4; lastKnownFileType = file.storyboard; name = ProjectPreviewController.storyboard; path = Modules/ProjectPreview/ProjectPreviewController.storyboard; sourceTree = "<group>"; };
		110FF0E71E8C2CC1000DB1A5 /* ProjectPreviewController.swift */ = {isa = PBXFileReference; fileEncoding = 4; lastKnownFileType = sourcecode.swift; name = ProjectPreviewController.swift; path = Modules/ProjectPreview/ProjectPreviewController.swift; sourceTree = "<group>"; };
		110FF0EA1E8C2CD0000DB1A5 /* SearchController.storyboard */ = {isa = PBXFileReference; fileEncoding = 4; lastKnownFileType = file.storyboard; name = SearchController.storyboard; path = Modules/Search/SearchController.storyboard; sourceTree = "<group>"; };
		110FF0EB1E8C2CD0000DB1A5 /* SearchController.swift */ = {isa = PBXFileReference; fileEncoding = 4; lastKnownFileType = sourcecode.swift; name = SearchController.swift; path = Modules/Search/SearchController.swift; sourceTree = "<group>"; };
		110FF0EE1E8C2CDF000DB1A5 /* Constant.swift */ = {isa = PBXFileReference; fileEncoding = 4; lastKnownFileType = sourcecode.swift; name = Constant.swift; path = Common/Constant.swift; sourceTree = "<group>"; };
		110FF1081E8C3847000DB1A5 /* LaunchScreen.swift */ = {isa = PBXFileReference; fileEncoding = 4; lastKnownFileType = sourcecode.swift; name = LaunchScreen.swift; path = Resources/LaunchScreen/LaunchScreen.swift; sourceTree = "<group>"; };
		110FF10B1E8C38A6000DB1A5 /* LaunchScreen.storyboard */ = {isa = PBXFileReference; fileEncoding = 4; lastKnownFileType = file.storyboard; name = LaunchScreen.storyboard; path = Resources/LaunchScreen/LaunchScreen.storyboard; sourceTree = "<group>"; };
		110FF14C1E8C4A50000DB1A5 /* InspectionsController.storyboard */ = {isa = PBXFileReference; fileEncoding = 4; lastKnownFileType = file.storyboard; path = InspectionsController.storyboard; sourceTree = "<group>"; };
		110FF18C1E8C5B65000DB1A5 /* InspectionsCell.swift */ = {isa = PBXFileReference; fileEncoding = 4; lastKnownFileType = sourcecode.swift; path = InspectionsCell.swift; sourceTree = "<group>"; };
		112F74711E97FDC80076926A /* LoginController.swift */ = {isa = PBXFileReference; fileEncoding = 4; lastKnownFileType = sourcecode.swift; path = LoginController.swift; sourceTree = "<group>"; };
		112F74731E97FDD90076926A /* SignupController.swift */ = {isa = PBXFileReference; fileEncoding = 4; lastKnownFileType = sourcecode.swift; path = SignupController.swift; sourceTree = "<group>"; };
		112F74791E97FE320076926A /* LoginController.storyboard */ = {isa = PBXFileReference; fileEncoding = 4; lastKnownFileType = file.storyboard; path = LoginController.storyboard; sourceTree = "<group>"; };
		112F747B1E9807920076926A /* SignupController.storyboard */ = {isa = PBXFileReference; fileEncoding = 4; lastKnownFileType = file.storyboard; path = SignupController.storyboard; sourceTree = "<group>"; };
		112F74801E980F6A0076926A /* UITextField.swift */ = {isa = PBXFileReference; fileEncoding = 4; lastKnownFileType = sourcecode.swift; path = UITextField.swift; sourceTree = "<group>"; };
		112F74EF1E9815A70076926A /* SettingsController.storyboard */ = {isa = PBXFileReference; fileEncoding = 4; lastKnownFileType = file.storyboard; path = SettingsController.storyboard; sourceTree = "<group>"; };
		112F74F01E9815A70076926A /* SettingsController.swift */ = {isa = PBXFileReference; fileEncoding = 4; lastKnownFileType = sourcecode.swift; path = SettingsController.swift; sourceTree = "<group>"; };
		1159B3351EB102C000F72750 /* PFObservation.swift */ = {isa = PBXFileReference; fileEncoding = 4; lastKnownFileType = sourcecode.swift; path = PFObservation.swift; sourceTree = "<group>"; };
		1159B3A61EB1236700F72750 /* PFInspection.swift */ = {isa = PBXFileReference; fileEncoding = 4; lastKnownFileType = sourcecode.swift; path = PFInspection.swift; sourceTree = "<group>"; };
		11823BED1EB24FF80028719B /* EProject.swift */ = {isa = PBXFileReference; fileEncoding = 4; lastKnownFileType = sourcecode.swift; path = EProject.swift; sourceTree = "<group>"; };
		11823BF01EB25A1A0028719B /* PFProject.swift */ = {isa = PBXFileReference; fileEncoding = 4; lastKnownFileType = sourcecode.swift; path = PFProject.swift; sourceTree = "<group>"; };
		11B167191E71E9380057D697 /* Essentials.xcodeproj */ = {isa = PBXFileReference; lastKnownFileType = "wrapper.pb-project"; name = Essentials.xcodeproj; path = Essentials/Essentials.xcodeproj; sourceTree = "<group>"; };
		11D70EAF1E8D7A9800CBF92C /* InspectionsController.swift */ = {isa = PBXFileReference; fileEncoding = 4; lastKnownFileType = sourcecode.swift; path = InspectionsController.swift; sourceTree = "<group>"; };
		11D70EB21E8D852800CBF92C /* InspectionSetupController.swift */ = {isa = PBXFileReference; fileEncoding = 4; lastKnownFileType = sourcecode.swift; path = InspectionSetupController.swift; sourceTree = "<group>"; };
		11D70EB51E8D856400CBF92C /* InspectionSetupController.storyboard */ = {isa = PBXFileReference; fileEncoding = 4; lastKnownFileType = file.storyboard; path = InspectionSetupController.storyboard; sourceTree = "<group>"; };
		11D70EBA1E8D8DE400CBF92C /* ProjectListController.swift */ = {isa = PBXFileReference; fileEncoding = 4; lastKnownFileType = sourcecode.swift; path = ProjectListController.swift; sourceTree = "<group>"; };
		11D70EBD1E8D8E0000CBF92C /* ProjectListController.storyboard */ = {isa = PBXFileReference; fileEncoding = 4; lastKnownFileType = file.storyboard; path = ProjectListController.storyboard; sourceTree = "<group>"; };
		11D70EC51E8D90B600CBF92C /* ProjectListCell.swift */ = {isa = PBXFileReference; fileEncoding = 4; lastKnownFileType = sourcecode.swift; path = ProjectListCell.swift; sourceTree = "<group>"; };
		11D70EC81E8D9A7F00CBF92C /* InspectionFormController.swift */ = {isa = PBXFileReference; fileEncoding = 4; lastKnownFileType = sourcecode.swift; path = InspectionFormController.swift; sourceTree = "<group>"; };
		11D70ECB1E8D9A8B00CBF92C /* InspectionFormController.storyboard */ = {isa = PBXFileReference; fileEncoding = 4; lastKnownFileType = file.storyboard; path = InspectionFormController.storyboard; sourceTree = "<group>"; };
		11D70ED41E8DA02000CBF92C /* InspectionFormCell.swift */ = {isa = PBXFileReference; fileEncoding = 4; lastKnownFileType = sourcecode.swift; path = InspectionFormCell.swift; sourceTree = "<group>"; };
		11D70ED81E8DA36800CBF92C /* ObservationElementController.storyboard */ = {isa = PBXFileReference; fileEncoding = 4; lastKnownFileType = file.storyboard; path = ObservationElementController.storyboard; sourceTree = "<group>"; };
		11D70EDB1E8DA83D00CBF92C /* ObservationElementController.swift */ = {isa = PBXFileReference; fileEncoding = 4; lastKnownFileType = sourcecode.swift; path = ObservationElementController.swift; sourceTree = "<group>"; };
		35A0BFAA52096CAB054AF015 /* Pods-EAOTests.debug.xcconfig */ = {isa = PBXFileReference; includeInIndex = 1; lastKnownFileType = text.xcconfig; name = "Pods-EAOTests.debug.xcconfig"; path = "Pods/Target Support Files/Pods-EAOTests/Pods-EAOTests.debug.xcconfig"; sourceTree = "<group>"; };
		838F596C6F1C976D435F3B32 /* Pods_EAOTests.framework */ = {isa = PBXFileReference; explicitFileType = wrapper.framework; includeInIndex = 0; path = Pods_EAOTests.framework; sourceTree = BUILT_PRODUCTS_DIR; };
		9688D5181E69DA4300C49CD7 /* EAO.app */ = {isa = PBXFileReference; explicitFileType = wrapper.application; includeInIndex = 0; path = EAO.app; sourceTree = BUILT_PRODUCTS_DIR; };
		9688D51B1E69DA4300C49CD7 /* AppDelegate.swift */ = {isa = PBXFileReference; lastKnownFileType = sourcecode.swift; path = AppDelegate.swift; sourceTree = "<group>"; };
		9688D52C1E69DA4300C49CD7 /* EAOTests.xctest */ = {isa = PBXFileReference; explicitFileType = wrapper.cfbundle; includeInIndex = 0; path = EAOTests.xctest; sourceTree = BUILT_PRODUCTS_DIR; };
		9688D5301E69DA4300C49CD7 /* EAOTests.swift */ = {isa = PBXFileReference; lastKnownFileType = sourcecode.swift; path = EAOTests.swift; sourceTree = "<group>"; };
		9688D5321E69DA4300C49CD7 /* Info.plist */ = {isa = PBXFileReference; lastKnownFileType = text.plist.xml; path = Info.plist; sourceTree = "<group>"; };
		AD0E7F8FD1D452DB3152947A /* Pods_EAO.framework */ = {isa = PBXFileReference; explicitFileType = wrapper.framework; includeInIndex = 0; path = Pods_EAO.framework; sourceTree = BUILT_PRODUCTS_DIR; };
		BD3B058B1E6A3737005E2C19 /* MapKit.framework */ = {isa = PBXFileReference; lastKnownFileType = wrapper.framework; name = MapKit.framework; path = System/Library/Frameworks/MapKit.framework; sourceTree = SDKROOT; };
		CCCC9EF18BF5162D2E6C2AA3 /* Pods-EAO.release.xcconfig */ = {isa = PBXFileReference; includeInIndex = 1; lastKnownFileType = text.xcconfig; name = "Pods-EAO.release.xcconfig"; path = "Pods/Target Support Files/Pods-EAO/Pods-EAO.release.xcconfig"; sourceTree = "<group>"; };
		CF2A00FA0155E41D4235A3F6 /* Pods-EAOTests.release.xcconfig */ = {isa = PBXFileReference; includeInIndex = 1; lastKnownFileType = text.xcconfig; name = "Pods-EAOTests.release.xcconfig"; path = "Pods/Target Support Files/Pods-EAOTests/Pods-EAOTests.release.xcconfig"; sourceTree = "<group>"; };
/* End PBXFileReference section */

/* Begin PBXFrameworksBuildPhase section */
		9688D5151E69DA4300C49CD7 /* Frameworks */ = {
			isa = PBXFrameworksBuildPhase;
			buildActionMask = 2147483647;
			files = (
				BD3B058C1E6A3737005E2C19 /* MapKit.framework in Frameworks */,
				11B1671F1E71E9700057D697 /* Essentials.framework in Frameworks */,
				54A450104FD83EFA9471288B /* Pods_EAO.framework in Frameworks */,
			);
			runOnlyForDeploymentPostprocessing = 0;
		};
		9688D5291E69DA4300C49CD7 /* Frameworks */ = {
			isa = PBXFrameworksBuildPhase;
			buildActionMask = 2147483647;
			files = (
				FD05116F14F15DD1D71C6E9F /* Pods_EAOTests.framework in Frameworks */,
			);
			runOnlyForDeploymentPostprocessing = 0;
		};
/* End PBXFrameworksBuildPhase section */

/* Begin PBXGroup section */
		0DAF0FAAE3A00230144E65E8 /* Pods */ = {
			isa = PBXGroup;
			children = (
				0FB8CC7075B05FAACACB1EEF /* Pods-EAO.debug.xcconfig */,
				CCCC9EF18BF5162D2E6C2AA3 /* Pods-EAO.release.xcconfig */,
				35A0BFAA52096CAB054AF015 /* Pods-EAOTests.debug.xcconfig */,
				CF2A00FA0155E41D4235A3F6 /* Pods-EAOTests.release.xcconfig */,
			);
			name = Pods;
			sourceTree = "<group>";
		};
		110FF10A1E8C384D000DB1A5 /* LaunchScreen */ = {
			isa = PBXGroup;
			children = (
				110FF10B1E8C38A6000DB1A5 /* LaunchScreen.storyboard */,
				110FF1081E8C3847000DB1A5 /* LaunchScreen.swift */,
			);
			name = LaunchScreen;
			sourceTree = "<group>";
		};
		110FF18E1E8C5B6E000DB1A5 /* Inspections */ = {
			isa = PBXGroup;
			children = (
				1159B3311EB101E500F72750 /* Inspections */,
				11D70EB81E8D856900CBF92C /* InspectionSetup */,
				11D70ED31E8D9BF300CBF92C /* InspectionForm */,
				11D70EDE1E8DA84700CBF92C /* ObservationElement */,
				11CEADDD1E79C4BA00E2242C /* UploadPhoto */,
				11CEADEB1E79E6F000E2242C /* MapPreview */,
				BDA2DA0D1E7C898D00A9E3AC /* ProjectsPreview */,
				11BBFB641E804C9700DEF7B4 /* SearchController */,
			);
			name = Inspections;
			sourceTree = "<group>";
		};
		110FF1911E8C5C25000DB1A5 /* Modules */ = {
			isa = PBXGroup;
			children = (
				112F74751E97FDDD0076926A /* Login */,
				110FF18E1E8C5B6E000DB1A5 /* Inspections */,
				11D70EE51E8DD5F900CBF92C /* Settings */,
			);
			name = Modules;
			sourceTree = "<group>";
		};
		110FF1921E8C5C39000DB1A5 /* Cell */ = {
			isa = PBXGroup;
			children = (
				110FF18C1E8C5B65000DB1A5 /* InspectionsCell.swift */,
			);
			name = Cell;
			sourceTree = "<group>";
		};
		112F74751E97FDDD0076926A /* Login */ = {
			isa = PBXGroup;
			children = (
				112F74761E97FDF10076926A /* LoginController */,
				112F74771E97FDF80076926A /* SignupController */,
			);
			name = Login;
			sourceTree = "<group>";
		};
		112F74761E97FDF10076926A /* LoginController */ = {
			isa = PBXGroup;
			children = (
				112F74791E97FE320076926A /* LoginController.storyboard */,
				112F74711E97FDC80076926A /* LoginController.swift */,
			);
			name = LoginController;
			sourceTree = "<group>";
		};
		112F74771E97FDF80076926A /* SignupController */ = {
			isa = PBXGroup;
			children = (
				112F747B1E9807920076926A /* SignupController.storyboard */,
				112F74731E97FDD90076926A /* SignupController.swift */,
			);
			name = SignupController;
			sourceTree = "<group>";
		};
		1159B3311EB101E500F72750 /* Inspections */ = {
			isa = PBXGroup;
			children = (
				110FF14C1E8C4A50000DB1A5 /* InspectionsController.storyboard */,
				11D70EAF1E8D7A9800CBF92C /* InspectionsController.swift */,
				110FF1921E8C5C39000DB1A5 /* Cell */,
			);
			name = Inspections;
			sourceTree = "<group>";
		};
		1159B3341EB1029900F72750 /* DataModels */ = {
			isa = PBXGroup;
			children = (
				11823BEC1EB24FE80028719B /* PFObjects */,
				11823BED1EB24FF80028719B /* EProject.swift */,
			);
			name = DataModels;
			sourceTree = "<group>";
		};
		11823BEC1EB24FE80028719B /* PFObjects */ = {
			isa = PBXGroup;
			children = (
				1159B3351EB102C000F72750 /* PFObservation.swift */,
				1159B3A61EB1236700F72750 /* PFInspection.swift */,
				11823BF01EB25A1A0028719B /* PFProject.swift */,
			);
			name = PFObjects;
			sourceTree = "<group>";
		};
		11B1671A1E71E9380057D697 /* Products */ = {
			isa = PBXGroup;
			children = (
				11B1671E1E71E9390057D697 /* Essentials.framework */,
			);
			name = Products;
			sourceTree = "<group>";
		};
		11BBFB641E804C9700DEF7B4 /* SearchController */ = {
			isa = PBXGroup;
			children = (
				110FF0EA1E8C2CD0000DB1A5 /* SearchController.storyboard */,
				110FF0EB1E8C2CD0000DB1A5 /* SearchController.swift */,
			);
			name = SearchController;
			sourceTree = "<group>";
		};
		11CEADDD1E79C4BA00E2242C /* UploadPhoto */ = {
			isa = PBXGroup;
			children = (
				110FF0DE1E8C2CA7000DB1A5 /* UploadPhotoController.storyboard */,
				110FF0DF1E8C2CA7000DB1A5 /* UploadPhotoController.swift */,
			);
			name = UploadPhoto;
			sourceTree = "<group>";
		};
		11CEADEB1E79E6F000E2242C /* MapPreview */ = {
			isa = PBXGroup;
			children = (
				110FF0E21E8C2CB2000DB1A5 /* MapPreviewController.storyboard */,
				110FF0E31E8C2CB2000DB1A5 /* MapPreviewController.swift */,
			);
			name = MapPreview;
			sourceTree = "<group>";
		};
		11D70EB81E8D856900CBF92C /* InspectionSetup */ = {
			isa = PBXGroup;
			children = (
				11D70EB91E8D8DBF00CBF92C /* InspectionSetupController */,
				11D70EC01E8D8E4500CBF92C /* ProjectListController */,
			);
			name = InspectionSetup;
			sourceTree = "<group>";
		};
		11D70EB91E8D8DBF00CBF92C /* InspectionSetupController */ = {
			isa = PBXGroup;
			children = (
				11D70EB51E8D856400CBF92C /* InspectionSetupController.storyboard */,
				11D70EB21E8D852800CBF92C /* InspectionSetupController.swift */,
			);
			name = InspectionSetupController;
			sourceTree = "<group>";
		};
		11D70EC01E8D8E4500CBF92C /* ProjectListController */ = {
			isa = PBXGroup;
			children = (
				11D70EBD1E8D8E0000CBF92C /* ProjectListController.storyboard */,
				11D70EBA1E8D8DE400CBF92C /* ProjectListController.swift */,
				11D70EC41E8D8E5A00CBF92C /* Cell */,
			);
			name = ProjectListController;
			sourceTree = "<group>";
		};
		11D70EC41E8D8E5A00CBF92C /* Cell */ = {
			isa = PBXGroup;
			children = (
				11D70EC51E8D90B600CBF92C /* ProjectListCell.swift */,
			);
			name = Cell;
			sourceTree = "<group>";
		};
		11D70ED11E8D9BCB00CBF92C /* Cell */ = {
			isa = PBXGroup;
			children = (
				11D70ED41E8DA02000CBF92C /* InspectionFormCell.swift */,
			);
			name = Cell;
			sourceTree = "<group>";
		};
		11D70ED31E8D9BF300CBF92C /* InspectionForm */ = {
			isa = PBXGroup;
			children = (
				11D70ECB1E8D9A8B00CBF92C /* InspectionFormController.storyboard */,
				11D70EC81E8D9A7F00CBF92C /* InspectionFormController.swift */,
				11D70ED11E8D9BCB00CBF92C /* Cell */,
			);
			name = InspectionForm;
			sourceTree = "<group>";
		};
		11D70EDE1E8DA84700CBF92C /* ObservationElement */ = {
			isa = PBXGroup;
			children = (
				11D70ED81E8DA36800CBF92C /* ObservationElementController.storyboard */,
				11D70EDB1E8DA83D00CBF92C /* ObservationElementController.swift */,
			);
			name = ObservationElement;
			sourceTree = "<group>";
		};
		11D70EE51E8DD5F900CBF92C /* Settings */ = {
			isa = PBXGroup;
			children = (
				112F74EF1E9815A70076926A /* SettingsController.storyboard */,
				112F74F01E9815A70076926A /* SettingsController.swift */,
			);
			name = Settings;
			sourceTree = "<group>";
		};
		9688D50F1E69DA4300C49CD7 = {
			isa = PBXGroup;
			children = (
				11B167191E71E9380057D697 /* Essentials.xcodeproj */,
				9688D51A1E69DA4300C49CD7 /* EAO */,
				9688D52F1E69DA4300C49CD7 /* EAOTests */,
				9688D5191E69DA4300C49CD7 /* Products */,
				BD3B058A1E6A3736005E2C19 /* Frameworks */,
				0DAF0FAAE3A00230144E65E8 /* Pods */,
			);
			sourceTree = "<group>";
		};
		9688D5191E69DA4300C49CD7 /* Products */ = {
			isa = PBXGroup;
			children = (
				9688D5181E69DA4300C49CD7 /* EAO.app */,
				9688D52C1E69DA4300C49CD7 /* EAOTests.xctest */,
			);
			name = Products;
			sourceTree = "<group>";
		};
		9688D51A1E69DA4300C49CD7 /* EAO */ = {
			isa = PBXGroup;
			children = (
				9688D51B1E69DA4300C49CD7 /* AppDelegate.swift */,
				1159B3341EB1029900F72750 /* DataModels */,
				110FF1911E8C5C25000DB1A5 /* Modules */,
				9688D5501E69DAD800C49CD7 /* Source */,
				9688D5591E69DD8A00C49CD7 /* Resources */,
			);
			path = EAO;
			sourceTree = "<group>";
		};
		9688D52F1E69DA4300C49CD7 /* EAOTests */ = {
			isa = PBXGroup;
			children = (
				9688D5301E69DA4300C49CD7 /* EAOTests.swift */,
				9688D5321E69DA4300C49CD7 /* Info.plist */,
			);
			path = EAOTests;
			sourceTree = "<group>";
		};
		9688D5501E69DAD800C49CD7 /* Source */ = {
			isa = PBXGroup;
			children = (
				9688D5571E69DB1F00C49CD7 /* Constant */,
				9688D5521E69DAEE00C49CD7 /* Extensions */,
			);
			name = Source;
			sourceTree = "<group>";
		};
		9688D5521E69DAEE00C49CD7 /* Extensions */ = {
			isa = PBXGroup;
			children = (
				110FF0991E8C25C5000DB1A5 /* Date.swift */,
				110FF09A1E8C25C5000DB1A5 /* MKMapView.swift */,
				110FF09B1E8C25C5000DB1A5 /* UIAlertController.swift */,
				110FF09C1E8C25C5000DB1A5 /* UIApplication.swift */,
				110FF09D1E8C25C5000DB1A5 /* UIColor.swift */,
				110FF09E1E8C25C5000DB1A5 /* UIImage.swift */,
				112F74801E980F6A0076926A /* UITextField.swift */,
				110FF09F1E8C25C5000DB1A5 /* UIImageView.swift */,
				110FF0A01E8C25C5000DB1A5 /* UINavigationItem.swift */,
				110FF0A11E8C25C5000DB1A5 /* UITableView.swift */,
			);
			name = Extensions;
			sourceTree = "<group>";
		};
		9688D5571E69DB1F00C49CD7 /* Constant */ = {
			isa = PBXGroup;
			children = (
				110FF0EE1E8C2CDF000DB1A5 /* Constant.swift */,
			);
			name = Constant;
			sourceTree = "<group>";
		};
		9688D5591E69DD8A00C49CD7 /* Resources */ = {
			isa = PBXGroup;
			children = (
				110FF10A1E8C384D000DB1A5 /* LaunchScreen */,
				110FF0AF1E8C2833000DB1A5 /* Assets.xcassets */,
				110FF0B01E8C2833000DB1A5 /* EAO-Bridging-Header.h */,
				110FF0B11E8C2833000DB1A5 /* Info.plist */,
				110FF0B21E8C2833000DB1A5 /* samplePDF.pdf */,
			);
			name = Resources;
			sourceTree = "<group>";
		};
		BD3B058A1E6A3736005E2C19 /* Frameworks */ = {
			isa = PBXGroup;
			children = (
				BD3B058B1E6A3737005E2C19 /* MapKit.framework */,
				AD0E7F8FD1D452DB3152947A /* Pods_EAO.framework */,
				838F596C6F1C976D435F3B32 /* Pods_EAOTests.framework */,
			);
			name = Frameworks;
			sourceTree = "<group>";
		};
		BDA2DA0D1E7C898D00A9E3AC /* ProjectsPreview */ = {
			isa = PBXGroup;
			children = (
				110FF0E61E8C2CC1000DB1A5 /* ProjectPreviewController.storyboard */,
				110FF0E71E8C2CC1000DB1A5 /* ProjectPreviewController.swift */,
			);
			name = ProjectsPreview;
			sourceTree = "<group>";
		};
/* End PBXGroup section */

/* Begin PBXNativeTarget section */
		9688D5171E69DA4300C49CD7 /* EAO */ = {
			isa = PBXNativeTarget;
			buildConfigurationList = 9688D5351E69DA4300C49CD7 /* Build configuration list for PBXNativeTarget "EAO" */;
			buildPhases = (
				C83A661391482BD6CC241FDE /* [CP] Check Pods Manifest.lock */,
				9688D5141E69DA4300C49CD7 /* Sources */,
				9688D5151E69DA4300C49CD7 /* Frameworks */,
				9688D5161E69DA4300C49CD7 /* Resources */,
				11B167231E71E9700057D697 /* Embed Frameworks */,
				E23EB65DCCD5C906002871A9 /* [CP] Embed Pods Frameworks */,
				8D5E16E050CAC5C78AC69028 /* [CP] Copy Pods Resources */,
				11134A641E984B1C00D06FF0 /* ShellScript */,
			);
			buildRules = (
			);
			dependencies = (
				11B167221E71E9700057D697 /* PBXTargetDependency */,
			);
			name = EAO;
			productName = EAO;
			productReference = 9688D5181E69DA4300C49CD7 /* EAO.app */;
			productType = "com.apple.product-type.application";
		};
		9688D52B1E69DA4300C49CD7 /* EAOTests */ = {
			isa = PBXNativeTarget;
			buildConfigurationList = 9688D5381E69DA4300C49CD7 /* Build configuration list for PBXNativeTarget "EAOTests" */;
			buildPhases = (
				485BA824E339D0A4698F0208 /* [CP] Check Pods Manifest.lock */,
				9688D5281E69DA4300C49CD7 /* Sources */,
				9688D5291E69DA4300C49CD7 /* Frameworks */,
				9688D52A1E69DA4300C49CD7 /* Resources */,
				4D4CE44A180F86E1D8F0CC8D /* [CP] Embed Pods Frameworks */,
				F8376570E6554CE4AB5BFE24 /* [CP] Copy Pods Resources */,
			);
			buildRules = (
			);
			dependencies = (
				9688D52E1E69DA4300C49CD7 /* PBXTargetDependency */,
			);
			name = EAOTests;
			productName = EAOTests;
			productReference = 9688D52C1E69DA4300C49CD7 /* EAOTests.xctest */;
			productType = "com.apple.product-type.bundle.unit-test";
		};
/* End PBXNativeTarget section */

/* Begin PBXProject section */
		9688D5101E69DA4300C49CD7 /* Project object */ = {
			isa = PBXProject;
			attributes = {
				LastSwiftUpdateCheck = 0820;
				LastUpgradeCheck = 0820;
				ORGANIZATIONNAME = FreshWorks;
				TargetAttributes = {
					9688D5171E69DA4300C49CD7 = {
						CreatedOnToolsVersion = 8.2;
						DevelopmentTeam = TCH45SXZ69;
						LastSwiftMigration = 0820;
						ProvisioningStyle = Manual;
					};
					9688D52B1E69DA4300C49CD7 = {
						CreatedOnToolsVersion = 8.2;
						DevelopmentTeam = TCH45SXZ69;
						ProvisioningStyle = Automatic;
						TestTargetID = 9688D5171E69DA4300C49CD7;
					};
				};
			};
			buildConfigurationList = 9688D5131E69DA4300C49CD7 /* Build configuration list for PBXProject "EAO" */;
			compatibilityVersion = "Xcode 3.2";
			developmentRegion = English;
			hasScannedForEncodings = 0;
			knownRegions = (
				en,
				Base,
			);
			mainGroup = 9688D50F1E69DA4300C49CD7;
			productRefGroup = 9688D5191E69DA4300C49CD7 /* Products */;
			projectDirPath = "";
			projectReferences = (
				{
					ProductGroup = 11B1671A1E71E9380057D697 /* Products */;
					ProjectRef = 11B167191E71E9380057D697 /* Essentials.xcodeproj */;
				},
			);
			projectRoot = "";
			targets = (
				9688D5171E69DA4300C49CD7 /* EAO */,
				9688D52B1E69DA4300C49CD7 /* EAOTests */,
			);
		};
/* End PBXProject section */

/* Begin PBXReferenceProxy section */
		11B1671E1E71E9390057D697 /* Essentials.framework */ = {
			isa = PBXReferenceProxy;
			fileType = wrapper.framework;
			path = Essentials.framework;
			remoteRef = 11B1671D1E71E9390057D697 /* PBXContainerItemProxy */;
			sourceTree = BUILT_PRODUCTS_DIR;
		};
/* End PBXReferenceProxy section */

/* Begin PBXResourcesBuildPhase section */
		9688D5161E69DA4300C49CD7 /* Resources */ = {
			isa = PBXResourcesBuildPhase;
			buildActionMask = 2147483647;
			files = (
				110FF0E41E8C2CB2000DB1A5 /* MapPreviewController.storyboard in Resources */,
				11D70EBE1E8D8E0000CBF92C /* ProjectListController.storyboard in Resources */,
				110FF0B51E8C2833000DB1A5 /* samplePDF.pdf in Resources */,
				110FF0E01E8C2CA7000DB1A5 /* UploadPhotoController.storyboard in Resources */,
				110FF14D1E8C4A50000DB1A5 /* InspectionsController.storyboard in Resources */,
				110FF0E81E8C2CC1000DB1A5 /* ProjectPreviewController.storyboard in Resources */,
				110FF10C1E8C38A6000DB1A5 /* LaunchScreen.storyboard in Resources */,
				11D70ECC1E8D9A8B00CBF92C /* InspectionFormController.storyboard in Resources */,
				11D70EB61E8D856400CBF92C /* InspectionSetupController.storyboard in Resources */,
				112F74F11E9815A70076926A /* SettingsController.storyboard in Resources */,
				110FF0EC1E8C2CD0000DB1A5 /* SearchController.storyboard in Resources */,
				112F747C1E9807920076926A /* SignupController.storyboard in Resources */,
				112F747A1E97FE320076926A /* LoginController.storyboard in Resources */,
				110FF0B31E8C2833000DB1A5 /* Assets.xcassets in Resources */,
				11D70ED91E8DA36800CBF92C /* ObservationElementController.storyboard in Resources */,
			);
			runOnlyForDeploymentPostprocessing = 0;
		};
		9688D52A1E69DA4300C49CD7 /* Resources */ = {
			isa = PBXResourcesBuildPhase;
			buildActionMask = 2147483647;
			files = (
			);
			runOnlyForDeploymentPostprocessing = 0;
		};
/* End PBXResourcesBuildPhase section */

/* Begin PBXShellScriptBuildPhase section */
		11134A641E984B1C00D06FF0 /* ShellScript */ = {
			isa = PBXShellScriptBuildPhase;
			buildActionMask = 2147483647;
			files = (
			);
			inputPaths = (
			);
			outputPaths = (
			);
			runOnlyForDeploymentPostprocessing = 0;
			shellPath = /bin/sh;
			shellScript = "./Fabric.framework/run ebf21e2dfa1a80de2beb78c848d3a642967db5f5 ee6d0036157990fbce367998bdad017ef56e45a738f86a883c3927594296f83a";
		};
		485BA824E339D0A4698F0208 /* [CP] Check Pods Manifest.lock */ = {
			isa = PBXShellScriptBuildPhase;
			buildActionMask = 2147483647;
			files = (
			);
			inputPaths = (
			);
			name = "[CP] Check Pods Manifest.lock";
			outputPaths = (
			);
			runOnlyForDeploymentPostprocessing = 0;
			shellPath = /bin/sh;
			shellScript = "diff \"${PODS_ROOT}/../Podfile.lock\" \"${PODS_ROOT}/Manifest.lock\" > /dev/null\nif [ $? != 0 ] ; then\n    # print error to STDERR\n    echo \"error: The sandbox is not in sync with the Podfile.lock. Run 'pod install' or update your CocoaPods installation.\" >&2\n    exit 1\nfi\n";
			showEnvVarsInLog = 0;
		};
		4D4CE44A180F86E1D8F0CC8D /* [CP] Embed Pods Frameworks */ = {
			isa = PBXShellScriptBuildPhase;
			buildActionMask = 2147483647;
			files = (
			);
			inputPaths = (
			);
			name = "[CP] Embed Pods Frameworks";
			outputPaths = (
			);
			runOnlyForDeploymentPostprocessing = 0;
			shellPath = /bin/sh;
			shellScript = "\"${SRCROOT}/Pods/Target Support Files/Pods-EAOTests/Pods-EAOTests-frameworks.sh\"\n";
			showEnvVarsInLog = 0;
		};
		8D5E16E050CAC5C78AC69028 /* [CP] Copy Pods Resources */ = {
			isa = PBXShellScriptBuildPhase;
			buildActionMask = 2147483647;
			files = (
			);
			inputPaths = (
			);
			name = "[CP] Copy Pods Resources";
			outputPaths = (
			);
			runOnlyForDeploymentPostprocessing = 0;
			shellPath = /bin/sh;
			shellScript = "\"${SRCROOT}/Pods/Target Support Files/Pods-EAO/Pods-EAO-resources.sh\"\n";
			showEnvVarsInLog = 0;
		};
		C83A661391482BD6CC241FDE /* [CP] Check Pods Manifest.lock */ = {
			isa = PBXShellScriptBuildPhase;
			buildActionMask = 2147483647;
			files = (
			);
			inputPaths = (
			);
			name = "[CP] Check Pods Manifest.lock";
			outputPaths = (
			);
			runOnlyForDeploymentPostprocessing = 0;
			shellPath = /bin/sh;
			shellScript = "diff \"${PODS_ROOT}/../Podfile.lock\" \"${PODS_ROOT}/Manifest.lock\" > /dev/null\nif [ $? != 0 ] ; then\n    # print error to STDERR\n    echo \"error: The sandbox is not in sync with the Podfile.lock. Run 'pod install' or update your CocoaPods installation.\" >&2\n    exit 1\nfi\n";
			showEnvVarsInLog = 0;
		};
		E23EB65DCCD5C906002871A9 /* [CP] Embed Pods Frameworks */ = {
			isa = PBXShellScriptBuildPhase;
			buildActionMask = 2147483647;
			files = (
			);
			inputPaths = (
			);
			name = "[CP] Embed Pods Frameworks";
			outputPaths = (
			);
			runOnlyForDeploymentPostprocessing = 0;
			shellPath = /bin/sh;
			shellScript = "\"${SRCROOT}/Pods/Target Support Files/Pods-EAO/Pods-EAO-frameworks.sh\"\n";
			showEnvVarsInLog = 0;
		};
		F8376570E6554CE4AB5BFE24 /* [CP] Copy Pods Resources */ = {
			isa = PBXShellScriptBuildPhase;
			buildActionMask = 2147483647;
			files = (
			);
			inputPaths = (
			);
			name = "[CP] Copy Pods Resources";
			outputPaths = (
			);
			runOnlyForDeploymentPostprocessing = 0;
			shellPath = /bin/sh;
			shellScript = "\"${SRCROOT}/Pods/Target Support Files/Pods-EAOTests/Pods-EAOTests-resources.sh\"\n";
			showEnvVarsInLog = 0;
		};
/* End PBXShellScriptBuildPhase section */

/* Begin PBXSourcesBuildPhase section */
		9688D5141E69DA4300C49CD7 /* Sources */ = {
			isa = PBXSourcesBuildPhase;
			buildActionMask = 2147483647;
			files = (
				110FF0A51E8C25C5000DB1A5 /* UIApplication.swift in Sources */,
				11D70EC61E8D90B600CBF92C /* ProjectListCell.swift in Sources */,
				110FF0AA1E8C25C5000DB1A5 /* UITableView.swift in Sources */,
				11D70EDC1E8DA83D00CBF92C /* ObservationElementController.swift in Sources */,
				11823BEE1EB24FF80028719B /* EProject.swift in Sources */,
				112F74721E97FDC80076926A /* LoginController.swift in Sources */,
				110FF0E11E8C2CA7000DB1A5 /* UploadPhotoController.swift in Sources */,
				110FF0EF1E8C2CDF000DB1A5 /* Constant.swift in Sources */,
				110FF0ED1E8C2CD0000DB1A5 /* SearchController.swift in Sources */,
				110FF0E91E8C2CC1000DB1A5 /* ProjectPreviewController.swift in Sources */,
				112F74811E980F6A0076926A /* UITextField.swift in Sources */,
				110FF0A21E8C25C5000DB1A5 /* Date.swift in Sources */,
				110FF0A61E8C25C5000DB1A5 /* UIColor.swift in Sources */,
				11D70EC91E8D9A7F00CBF92C /* InspectionFormController.swift in Sources */,
				11D70ED51E8DA02000CBF92C /* InspectionFormCell.swift in Sources */,
				110FF0A31E8C25C5000DB1A5 /* MKMapView.swift in Sources */,
				11D70EBB1E8D8DE400CBF92C /* ProjectListController.swift in Sources */,
				110FF0A81E8C25C5000DB1A5 /* UIImageView.swift in Sources */,
				110FF18D1E8C5B65000DB1A5 /* InspectionsCell.swift in Sources */,
				110FF0A71E8C25C5000DB1A5 /* UIImage.swift in Sources */,
				110FF0A91E8C25C5000DB1A5 /* UINavigationItem.swift in Sources */,
				9688D51C1E69DA4300C49CD7 /* AppDelegate.swift in Sources */,
				11D70EB01E8D7A9800CBF92C /* InspectionsController.swift in Sources */,
				11823BF11EB25A1A0028719B /* PFProject.swift in Sources */,
				112F74741E97FDD90076926A /* SignupController.swift in Sources */,
				110FF0E51E8C2CB2000DB1A5 /* MapPreviewController.swift in Sources */,
				112F74F21E9815A70076926A /* SettingsController.swift in Sources */,
				1159B3A71EB1236700F72750 /* PFInspection.swift in Sources */,
				11D70EB31E8D852800CBF92C /* InspectionSetupController.swift in Sources */,
				110FF1091E8C3847000DB1A5 /* LaunchScreen.swift in Sources */,
				110FF0A41E8C25C5000DB1A5 /* UIAlertController.swift in Sources */,
				1159B3361EB102C000F72750 /* PFObservation.swift in Sources */,
			);
			runOnlyForDeploymentPostprocessing = 0;
		};
		9688D5281E69DA4300C49CD7 /* Sources */ = {
			isa = PBXSourcesBuildPhase;
			buildActionMask = 2147483647;
			files = (
				9688D5311E69DA4300C49CD7 /* EAOTests.swift in Sources */,
			);
			runOnlyForDeploymentPostprocessing = 0;
		};
/* End PBXSourcesBuildPhase section */

/* Begin PBXTargetDependency section */
		11B167221E71E9700057D697 /* PBXTargetDependency */ = {
			isa = PBXTargetDependency;
			name = Essentials;
			targetProxy = 11B167211E71E9700057D697 /* PBXContainerItemProxy */;
		};
		9688D52E1E69DA4300C49CD7 /* PBXTargetDependency */ = {
			isa = PBXTargetDependency;
			target = 9688D5171E69DA4300C49CD7 /* EAO */;
			targetProxy = 9688D52D1E69DA4300C49CD7 /* PBXContainerItemProxy */;
		};
/* End PBXTargetDependency section */

/* Begin XCBuildConfiguration section */
		9688D5331E69DA4300C49CD7 /* Debug */ = {
			isa = XCBuildConfiguration;
			buildSettings = {
				ALWAYS_SEARCH_USER_PATHS = NO;
				CLANG_ANALYZER_NONNULL = YES;
				CLANG_CXX_LANGUAGE_STANDARD = "gnu++0x";
				CLANG_CXX_LIBRARY = "libc++";
				CLANG_ENABLE_MODULES = YES;
				CLANG_ENABLE_OBJC_ARC = YES;
				CLANG_WARN_BOOL_CONVERSION = YES;
				CLANG_WARN_CONSTANT_CONVERSION = YES;
				CLANG_WARN_DIRECT_OBJC_ISA_USAGE = YES_ERROR;
				CLANG_WARN_DOCUMENTATION_COMMENTS = YES;
				CLANG_WARN_EMPTY_BODY = YES;
				CLANG_WARN_ENUM_CONVERSION = YES;
				CLANG_WARN_INFINITE_RECURSION = YES;
				CLANG_WARN_INT_CONVERSION = YES;
				CLANG_WARN_OBJC_ROOT_CLASS = YES_ERROR;
				CLANG_WARN_SUSPICIOUS_MOVE = YES;
				CLANG_WARN_UNREACHABLE_CODE = YES;
				CLANG_WARN__DUPLICATE_METHOD_MATCH = YES;
				"CODE_SIGN_IDENTITY[sdk=iphoneos*]" = "iPhone Developer";
				COPY_PHASE_STRIP = NO;
				DEBUG_INFORMATION_FORMAT = dwarf;
				ENABLE_STRICT_OBJC_MSGSEND = YES;
				ENABLE_TESTABILITY = YES;
				GCC_C_LANGUAGE_STANDARD = gnu99;
				GCC_DYNAMIC_NO_PIC = NO;
				GCC_NO_COMMON_BLOCKS = YES;
				GCC_OPTIMIZATION_LEVEL = 0;
				GCC_PREPROCESSOR_DEFINITIONS = (
					"DEBUG=1",
					"$(inherited)",
				);
				GCC_WARN_64_TO_32_BIT_CONVERSION = YES;
				GCC_WARN_ABOUT_RETURN_TYPE = YES_ERROR;
				GCC_WARN_UNDECLARED_SELECTOR = YES;
				GCC_WARN_UNINITIALIZED_AUTOS = YES_AGGRESSIVE;
				GCC_WARN_UNUSED_FUNCTION = YES;
				GCC_WARN_UNUSED_VARIABLE = YES;
				IPHONEOS_DEPLOYMENT_TARGET = 10.0;
				MTL_ENABLE_DEBUG_INFO = YES;
				ONLY_ACTIVE_ARCH = YES;
				SDKROOT = iphoneos;
				SWIFT_ACTIVE_COMPILATION_CONDITIONS = DEBUG;
				SWIFT_OPTIMIZATION_LEVEL = "-Onone";
				TARGETED_DEVICE_FAMILY = "1,2";
			};
			name = Debug;
		};
		9688D5341E69DA4300C49CD7 /* Release */ = {
			isa = XCBuildConfiguration;
			buildSettings = {
				ALWAYS_SEARCH_USER_PATHS = NO;
				CLANG_ANALYZER_NONNULL = YES;
				CLANG_CXX_LANGUAGE_STANDARD = "gnu++0x";
				CLANG_CXX_LIBRARY = "libc++";
				CLANG_ENABLE_MODULES = YES;
				CLANG_ENABLE_OBJC_ARC = YES;
				CLANG_WARN_BOOL_CONVERSION = YES;
				CLANG_WARN_CONSTANT_CONVERSION = YES;
				CLANG_WARN_DIRECT_OBJC_ISA_USAGE = YES_ERROR;
				CLANG_WARN_DOCUMENTATION_COMMENTS = YES;
				CLANG_WARN_EMPTY_BODY = YES;
				CLANG_WARN_ENUM_CONVERSION = YES;
				CLANG_WARN_INFINITE_RECURSION = YES;
				CLANG_WARN_INT_CONVERSION = YES;
				CLANG_WARN_OBJC_ROOT_CLASS = YES_ERROR;
				CLANG_WARN_SUSPICIOUS_MOVE = YES;
				CLANG_WARN_UNREACHABLE_CODE = YES;
				CLANG_WARN__DUPLICATE_METHOD_MATCH = YES;
				"CODE_SIGN_IDENTITY[sdk=iphoneos*]" = "iPhone Developer";
				COPY_PHASE_STRIP = NO;
				DEBUG_INFORMATION_FORMAT = "dwarf-with-dsym";
				ENABLE_NS_ASSERTIONS = NO;
				ENABLE_STRICT_OBJC_MSGSEND = YES;
				GCC_C_LANGUAGE_STANDARD = gnu99;
				GCC_NO_COMMON_BLOCKS = YES;
				GCC_WARN_64_TO_32_BIT_CONVERSION = YES;
				GCC_WARN_ABOUT_RETURN_TYPE = YES_ERROR;
				GCC_WARN_UNDECLARED_SELECTOR = YES;
				GCC_WARN_UNINITIALIZED_AUTOS = YES_AGGRESSIVE;
				GCC_WARN_UNUSED_FUNCTION = YES;
				GCC_WARN_UNUSED_VARIABLE = YES;
				IPHONEOS_DEPLOYMENT_TARGET = 10.0;
				MTL_ENABLE_DEBUG_INFO = NO;
				SDKROOT = iphoneos;
				SWIFT_OPTIMIZATION_LEVEL = "-Owholemodule";
				TARGETED_DEVICE_FAMILY = "1,2";
				VALIDATE_PRODUCT = YES;
			};
			name = Release;
		};
		9688D5361E69DA4300C49CD7 /* Debug */ = {
			isa = XCBuildConfiguration;
			baseConfigurationReference = 0FB8CC7075B05FAACACB1EEF /* Pods-EAO.debug.xcconfig */;
			buildSettings = {
				ALWAYS_EMBED_SWIFT_STANDARD_LIBRARIES = YES;
				ASSETCATALOG_COMPILER_APPICON_NAME = AppIcon;
				CLANG_ENABLE_MODULES = YES;
				"CODE_SIGN_IDENTITY[sdk=iphoneos*]" = "iPhone Developer";
				DEBUG_INFORMATION_FORMAT = "dwarf-with-dsym";
				DEVELOPMENT_TEAM = TCH45SXZ69;
				INFOPLIST_FILE = EAO/Resources/Info.plist;
				LD_RUNPATH_SEARCH_PATHS = "$(inherited) @executable_path/Frameworks";
				PRODUCT_BUNDLE_IDENTIFIER = "io.freshworks.EAO-MVP";
				PRODUCT_NAME = "$(TARGET_NAME)";
				PROVISIONING_PROFILE = "a4e119dc-441d-4cd9-beea-63e3b985b80e";
				PROVISIONING_PROFILE_SPECIFIER = "EAO-MVP Development";
				SWIFT_OBJC_BRIDGING_HEADER = "EAO/Resources/EAO-Bridging-Header.h";
				SWIFT_OPTIMIZATION_LEVEL = "-Onone";
				SWIFT_VERSION = 3.0;
			};
			name = Debug;
		};
		9688D5371E69DA4300C49CD7 /* Release */ = {
			isa = XCBuildConfiguration;
			baseConfigurationReference = CCCC9EF18BF5162D2E6C2AA3 /* Pods-EAO.release.xcconfig */;
			buildSettings = {
				ALWAYS_EMBED_SWIFT_STANDARD_LIBRARIES = YES;
				ASSETCATALOG_COMPILER_APPICON_NAME = AppIcon;
				CLANG_ENABLE_MODULES = YES;
				"CODE_SIGN_IDENTITY[sdk=iphoneos*]" = "iPhone Distribution";
				DEVELOPMENT_TEAM = TCH45SXZ69;
				INFOPLIST_FILE = EAO/Resources/Info.plist;
				LD_RUNPATH_SEARCH_PATHS = "$(inherited) @executable_path/Frameworks";
				PRODUCT_BUNDLE_IDENTIFIER = "io.freshworks.EAO-MVP";
				PRODUCT_NAME = "$(TARGET_NAME)";
				PROVISIONING_PROFILE = "bf546533-b2f7-48c1-9165-e1f7c5c0d07f";
				PROVISIONING_PROFILE_SPECIFIER = "EAO-MVP AdHoc";
				SWIFT_OBJC_BRIDGING_HEADER = "EAO/Resources/EAO-Bridging-Header.h";
				SWIFT_VERSION = 3.0;
			};
			name = Release;
		};
		9688D5391E69DA4300C49CD7 /* Debug */ = {
			isa = XCBuildConfiguration;
			baseConfigurationReference = 35A0BFAA52096CAB054AF015 /* Pods-EAOTests.debug.xcconfig */;
			buildSettings = {
				ALWAYS_EMBED_SWIFT_STANDARD_LIBRARIES = YES;
				BUNDLE_LOADER = "$(TEST_HOST)";
				DEVELOPMENT_TEAM = TCH45SXZ69;
				INFOPLIST_FILE = EAOTests/Info.plist;
				LD_RUNPATH_SEARCH_PATHS = "$(inherited) @executable_path/Frameworks @loader_path/Frameworks";
				PRODUCT_BUNDLE_IDENTIFIER = io.freshworks.EAOTests;
				PRODUCT_NAME = "$(TARGET_NAME)";
				SWIFT_VERSION = 3.0;
				TEST_HOST = "$(BUILT_PRODUCTS_DIR)/EAO.app/EAO";
			};
			name = Debug;
		};
		9688D53A1E69DA4300C49CD7 /* Release */ = {
			isa = XCBuildConfiguration;
			baseConfigurationReference = CF2A00FA0155E41D4235A3F6 /* Pods-EAOTests.release.xcconfig */;
			buildSettings = {
				ALWAYS_EMBED_SWIFT_STANDARD_LIBRARIES = YES;
				BUNDLE_LOADER = "$(TEST_HOST)";
				DEVELOPMENT_TEAM = TCH45SXZ69;
				INFOPLIST_FILE = EAOTests/Info.plist;
				LD_RUNPATH_SEARCH_PATHS = "$(inherited) @executable_path/Frameworks @loader_path/Frameworks";
				PRODUCT_BUNDLE_IDENTIFIER = io.freshworks.EAOTests;
				PRODUCT_NAME = "$(TARGET_NAME)";
				SWIFT_VERSION = 3.0;
				TEST_HOST = "$(BUILT_PRODUCTS_DIR)/EAO.app/EAO";
			};
			name = Release;
		};
/* End XCBuildConfiguration section */

/* Begin XCConfigurationList section */
		9688D5131E69DA4300C49CD7 /* Build configuration list for PBXProject "EAO" */ = {
			isa = XCConfigurationList;
			buildConfigurations = (
				9688D5331E69DA4300C49CD7 /* Debug */,
				9688D5341E69DA4300C49CD7 /* Release */,
			);
			defaultConfigurationIsVisible = 0;
			defaultConfigurationName = Release;
		};
		9688D5351E69DA4300C49CD7 /* Build configuration list for PBXNativeTarget "EAO" */ = {
			isa = XCConfigurationList;
			buildConfigurations = (
				9688D5361E69DA4300C49CD7 /* Debug */,
				9688D5371E69DA4300C49CD7 /* Release */,
			);
			defaultConfigurationIsVisible = 0;
			defaultConfigurationName = Release;
		};
		9688D5381E69DA4300C49CD7 /* Build configuration list for PBXNativeTarget "EAOTests" */ = {
			isa = XCConfigurationList;
			buildConfigurations = (
				9688D5391E69DA4300C49CD7 /* Debug */,
				9688D53A1E69DA4300C49CD7 /* Release */,
			);
			defaultConfigurationIsVisible = 0;
			defaultConfigurationName = Release;
		};
/* End XCConfigurationList section */
	};
	rootObject = 9688D5101E69DA4300C49CD7 /* Project object */;
}
